// !$*UTF8*$!
{
	archiveVersion = 1;
	classes = {
	};
	objectVersion = 77;
	objects = {

/* Begin PBXBuildFile section */
		02E0487592CC543560C532CC /* AvatarAssessmentCanvas.swift in Sources */ = {isa = PBXBuildFile; fileRef = BEB740C485092037AB6DA177 /* AvatarAssessmentCanvas.swift */; };
		05850BA43180DFAE35B7D585 /* AvatarStreamServiceStub.swift in Sources */ = {isa = PBXBuildFile; fileRef = F99E06600D77375641FF29E6 /* AvatarStreamServiceStub.swift */; };
		086FDB18D0591BCCCFD6395B /* MiniCogIntroView.swift in Sources */ = {isa = PBXBuildFile; fileRef = 38CF0DDDD2280670BA728805 /* MiniCogIntroView.swift */; };
		091D45FE97BB01D2191F3E2F /* AvatarLayoutManager.swift in Sources */ = {isa = PBXBuildFile; fileRef = F2DB460D8F2037359D15D12D /* AvatarLayoutManager.swift */; };
		0C184F889A4F46FE77D82BF2 /* QAPhaseView.swift in Sources */ = {isa = PBXBuildFile; fileRef = 24C04EC494F7C3E0D9A50830 /* QAPhaseView.swift */; };
		10491A567FDBD35822AF73AA /* PCPReportView.swift in Sources */ = {isa = PBXBuildFile; fileRef = D565942281E547B8CA33AEAF /* PCPReportView.swift */; };
		11CD4EA9ABE27C8E98820E70 /* AvatarAssessmentCanvas.swift in Sources */ = {isa = PBXBuildFile; fileRef = BEB740C485092037AB6DA177 /* AvatarAssessmentCanvas.swift */; };
		126202A81A2B3E32BCCF4154 /* QDRSModels.swift in Sources */ = {isa = PBXBuildFile; fileRef = 9237E6DE984F471E08D0792C /* QDRSModels.swift */; };
		13F141A72CED1EBA15FD16B5 /* LogicalMemoryView.swift in Sources */ = {isa = PBXBuildFile; fileRef = F6DBE19E00FE40DF16EFE4D0 /* LogicalMemoryView.swift */; };
		1C5346948A10D0A36CCC3ADD /* PauseButtonView.swift in Sources */ = {isa = PBXBuildFile; fileRef = FD67457A85ACD917974962D3 /* PauseButtonView.swift */; };
		211EBE0C05DAFAB525006AF3 /* PersonaBridge.swift in Sources */ = {isa = PBXBuildFile; fileRef = 29247956694B55B6DC153193 /* PersonaBridge.swift */; };
		2600D7F94345E4911E2CA1BB /* ProtocolOrchestrator.swift in Sources */ = {isa = PBXBuildFile; fileRef = 0FB7ABEA2317C53B04DDDCEC /* ProtocolOrchestrator.swift */; };
		267C32D5F7B8194A9340AFDA /* PersonaPlexService.swift in Sources */ = {isa = PBXBuildFile; fileRef = B0E02A6190A9CE0358DA301C /* PersonaPlexService.swift */; };
		380CA78913CFFD9E5B8F8EA3 /* VerbalFluencyView.swift in Sources */ = {isa = PBXBuildFile; fileRef = DAF982C247D535EA928BB851 /* VerbalFluencyView.swift */; };
		3898B9793949514306024555 /* ReversibleCauseWorkup.swift in Sources */ = {isa = PBXBuildFile; fileRef = 9BF0DD581559764F998F9F48 /* ReversibleCauseWorkup.swift */; };
		3D9F3B094445F56D34E85BF5 /* QDRSView.swift in Sources */ = {isa = PBXBuildFile; fileRef = BC4D21A02D05C27DACDD9090 /* QDRSView.swift */; };
		43E8415B91255D41CB083B3A /* TavusService.swift in Sources */ = {isa = PBXBuildFile; fileRef = 96594F1C9872605DC0D3E0B5 /* TavusService.swift */; };
		473C49F083411C733E173CC1 /* AvatarAssessmentCanvas.swift in Sources */ = {isa = PBXBuildFile; fileRef = BEB740C485092037AB6DA177 /* AvatarAssessmentCanvas.swift */; };
		50A761907240B283685DEA17 /* ScriptClipPlayer.swift in Sources */ = {isa = PBXBuildFile; fileRef = 9DBB62ABCD178A8DC045A664 /* ScriptClipPlayer.swift */; };
		529B42ECB53B8E5665F466EF /* TavusCVIView.swift in Sources */ = {isa = PBXBuildFile; fileRef = A3334EC18E7FA1708B08B1FB /* TavusCVIView.swift */; };
		52AF46D1BC06D1406F6C47E3 /* AvatarLayoutManager.swift in Sources */ = {isa = PBXBuildFile; fileRef = F2DB460D8F2037359D15D12D /* AvatarLayoutManager.swift */; };
		53932F3F0E07F33067B9944B /* AvatarView.swift in Sources */ = {isa = PBXBuildFile; fileRef = 1CE5F48D5EC8C26ED8A7C345 /* AvatarView.swift */; };
		5E294F07BC2C05D9B61F7A1C /* ProgressTrackView.swift in Sources */ = {isa = PBXBuildFile; fileRef = 97B2423ABF8566C85164CE3A /* ProgressTrackView.swift */; };
		61BB4F2B8282A3FB2CF508C4 /* WelcomePhaseView.swift in Sources */ = {isa = PBXBuildFile; fileRef = E2C648D8941C76864EEDC856 /* WelcomePhaseView.swift */; };
		638C4335A584CF7F4BD45307 /* PauseButtonView.swift in Sources */ = {isa = PBXBuildFile; fileRef = FD67457A85ACD917974962D3 /* PauseButtonView.swift */; };
		68444A9984B3B363AFBE708F /* AssessmentTheme.swift in Sources */ = {isa = PBXBuildFile; fileRef = 69864200A4C3F4D34410DD43 /* AssessmentTheme.swift */; };
		688842DD9A7B6E873D292EC6 /* AssessmentTheme.swift in Sources */ = {isa = PBXBuildFile; fileRef = 69864200A4C3F4D34410DD43 /* AssessmentTheme.swift */; };
		6E5F4733F09DFAE667DC9762 /* SpeechListenerView.swift in Sources */ = {isa = PBXBuildFile; fileRef = 7980C074148F7BF401F6D35F /* SpeechListenerView.swift */; };
		72CDFCE89C59E0CF736E4422 /* PHQ2Models.swift in Sources */ = {isa = PBXBuildFile; fileRef = 8BE2BE0255C285C3D6EC9B6A /* PHQ2Models.swift */; };
		74B346CEB8F9A8B6ACA6DEB0 /* TavusCVIView.swift in Sources */ = {isa = PBXBuildFile; fileRef = A3334EC18E7FA1708B08B1FB /* TavusCVIView.swift */; };
		79C34F579A1CA2F1DEBB913E /* ProgressTrackView.swift in Sources */ = {isa = PBXBuildFile; fileRef = 97B2423ABF8566C85164CE3A /* ProgressTrackView.swift */; };
		7CBE4AB2B40A94F6F704E500 /* WelcomePhaseView.swift in Sources */ = {isa = PBXBuildFile; fileRef = E2C648D8941C76864EEDC856 /* WelcomePhaseView.swift */; };
		88034F92B49D28E55AE9A40D /* TavusAssessmentView.swift in Sources */ = {isa = PBXBuildFile; fileRef = FA554C44B40C92D0D9612F89 /* TavusAssessmentView.swift */; };
		89184C0EA4D2696A1A2C4CAB /* WordRegistrationPhaseView.swift in Sources */ = {isa = PBXBuildFile; fileRef = 45F840738CA73F27A3075610 /* WordRegistrationPhaseView.swift */; };
		90B4464396663EFA7F19795D /* TavusAssessmentView.swift in Sources */ = {isa = PBXBuildFile; fileRef = FA554C44B40C92D0D9612F89 /* TavusAssessmentView.swift */; };
		9246E5ED2F63A68D00743FA8 /* ElevenLabsService.swift in Sources */ = {isa = PBXBuildFile; fileRef = 9246E5DB2F63A68D00743FA8 /* ElevenLabsService.swift */; };
		9246E5F02F63A68D00743FA8 /* MercyColors.swift in Sources */ = {isa = PBXBuildFile; fileRef = 9246E5DF2F63A68D00743FA8 /* MercyColors.swift */; };
		9246E5F12F63A68D00743FA8 /* ContentView.swift in Sources */ = {isa = PBXBuildFile; fileRef = 9246E5EA2F63A68D00743FA8 /* ContentView.swift */; };
		9246E5F22F63A68D00743FA8 /* ClockScoringView.swift in Sources */ = {isa = PBXBuildFile; fileRef = 9246E5E32F63A68D00743FA8 /* ClockScoringView.swift */; };
		9246E5F32F63A68D00743FA8 /* VoiceMiniCogApp.swift in Sources */ = {isa = PBXBuildFile; fileRef = 9246E5EB2F63A68D00743FA8 /* VoiceMiniCogApp.swift */; };
		9246E5F42F63A68D00743FA8 /* Phase.swift in Sources */ = {isa = PBXBuildFile; fileRef = 9246E5D72F63A68D00743FA8 /* Phase.swift */; };
		9246E5F62F63A68D00743FA8 /* APIClient.swift in Sources */ = {isa = PBXBuildFile; fileRef = 9246E5DA2F63A68D00743FA8 /* APIClient.swift */; };
		9246E5F72F63A68D00743FA8 /* AssessmentState.swift in Sources */ = {isa = PBXBuildFile; fileRef = 9246E5D42F63A68D00743FA8 /* AssessmentState.swift */; };
		9246E5F92F63A68D00743FA8 /* ResponseCheckers.swift in Sources */ = {isa = PBXBuildFile; fileRef = 9246E5DC2F63A68D00743FA8 /* ResponseCheckers.swift */; };
		9246E5FA2F63A68D00743FA8 /* APIModels.swift in Sources */ = {isa = PBXBuildFile; fileRef = 9246E5D32F63A68D00743FA8 /* APIModels.swift */; };
		9246E5FB2F63A68D00743FA8 /* CompositeRisk.swift in Sources */ = {isa = PBXBuildFile; fileRef = 9246E5D62F63A68D00743FA8 /* CompositeRisk.swift */; };
		9246E5FC2F63A68D00743FA8 /* ClockDrawingView.swift in Sources */ = {isa = PBXBuildFile; fileRef = 9246E5E22F63A68D00743FA8 /* ClockDrawingView.swift */; };
		9246E5FE2F63A68D00743FA8 /* HomeView.swift in Sources */ = {isa = PBXBuildFile; fileRef = 9246E5E42F63A68D00743FA8 /* HomeView.swift */; };
		9246E5FF2F63A68D00743FA8 /* ClockAnalysis.swift in Sources */ = {isa = PBXBuildFile; fileRef = 9246E5D52F63A68D00743FA8 /* ClockAnalysis.swift */; };
		9246E6002F63A68D00743FA8 /* SpeechService.swift in Sources */ = {isa = PBXBuildFile; fileRef = 9246E5DD2F63A68D00743FA8 /* SpeechService.swift */; };
		9246E60A2F63EB0200743FA8 /* AudioSessionManager.swift in Sources */ = {isa = PBXBuildFile; fileRef = 9246E6032F63EB0200743FA8 /* AudioSessionManager.swift */; };
		9246E60E2F63EB0200743FA8 /* RealtimeManager.swift in Sources */ = {isa = PBXBuildFile; fileRef = 9246E6062F63EB0200743FA8 /* RealtimeManager.swift */; };
		9246E6102F63EB0200743FA8 /* TokenService.swift in Sources */ = {isa = PBXBuildFile; fileRef = 9246E6092F63EB0200743FA8 /* TokenService.swift */; };
		9246E6112F63EB0200743FA8 /* CDTOnDeviceScorer.swift in Sources */ = {isa = PBXBuildFile; fileRef = 9246E6042F63EB0200743FA8 /* CDTOnDeviceScorer.swift */; };
		980BEC39054F639639CDE1CD /* AudioArbitrator.swift in Sources */ = {isa = PBXBuildFile; fileRef = 5D2CC9A62D1C4768DA55D0EE /* AudioArbitrator.swift */; };
		9845407B8B0DE0440D44EFF4 /* TavusAssessmentView.swift in Sources */ = {isa = PBXBuildFile; fileRef = FA554C44B40C92D0D9612F89 /* TavusAssessmentView.swift */; };
		99B9883975AA22BB9733DDFE /* AudioLipSync.swift in Sources */ = {isa = PBXBuildFile; fileRef = BB1C0F92A1317B32C89E950E /* AudioLipSync.swift */; };
		9D8C48518727F98F806B1459 /* TavusCVIView.swift in Sources */ = {isa = PBXBuildFile; fileRef = A3334EC18E7FA1708B08B1FB /* TavusCVIView.swift */; };
		9F6148A3B2DD388992ADE378 /* TavusService.swift in Sources */ = {isa = PBXBuildFile; fileRef = 96594F1C9872605DC0D3E0B5 /* TavusService.swift */; };
		A4AD412CB36EB9CE4ACFB313 /* WordRegistrationPhaseView.swift in Sources */ = {isa = PBXBuildFile; fileRef = 45F840738CA73F27A3075610 /* WordRegistrationPhaseView.swift */; };
		A62B072BFF3D3F628FADA20D /* MiniCogLiveView.swift in Sources */ = {isa = PBXBuildFile; fileRef = 8602C25FEFDDBC631FC53C0A /* MiniCogLiveView.swift */; };
		A71E4FC5A717B07681C51A7B /* QAPhaseView.swift in Sources */ = {isa = PBXBuildFile; fileRef = 24C04EC494F7C3E0D9A50830 /* QAPhaseView.swift */; };
		A9E143C69400896A63877621 /* WordRegistrationPhaseView.swift in Sources */ = {isa = PBXBuildFile; fileRef = 45F840738CA73F27A3075610 /* WordRegistrationPhaseView.swift */; };
		AB2E81D748223F4F39B0D7C0 /* OrientationView.swift in Sources */ = {isa = PBXBuildFile; fileRef = 74DF1AE6C8C9C83FFBDC2B58 /* OrientationView.swift */; };
		B67FF4CDBC6F21965C087971 /* DesignSystem.swift in Sources */ = {isa = PBXBuildFile; fileRef = 0EC35AEF4FB05F4D95DD51DD /* DesignSystem.swift */; };
		BB121FCE155B73B8F7967BEB /* QmciAssessmentView.swift in Sources */ = {isa = PBXBuildFile; fileRef = 3CD194CF8C62900F8CD97D84 /* QmciAssessmentView.swift */; };
		BC9CA8970AED9F64A42351B9 /* PHQ2View.swift in Sources */ = {isa = PBXBuildFile; fileRef = 03C6DD89C4F844CD764B3BF6 /* PHQ2View.swift */; };
		BE274F0A802EBE067EF6DC75 /* AssessmentTheme.swift in Sources */ = {isa = PBXBuildFile; fileRef = 69864200A4C3F4D34410DD43 /* AssessmentTheme.swift */; };
		BE6B440D9E546C8C29FF39B6 /* WelcomePhaseView.swift in Sources */ = {isa = PBXBuildFile; fileRef = E2C648D8941C76864EEDC856 /* WelcomePhaseView.swift */; };
		C066570A0DEE2C1DCB7A3FD1 /* AntiAmyloidTriage.swift in Sources */ = {isa = PBXBuildFile; fileRef = 96B62B67BF8B9AF2F97C8630 /* AntiAmyloidTriage.swift */; };
		C3AD40C38C918C7FA86C1E5F /* ProgressTrackView.swift in Sources */ = {isa = PBXBuildFile; fileRef = 97B2423ABF8566C85164CE3A /* ProgressTrackView.swift */; };
		C78ABD27FAD40B924D8C60A5 /* MCComponents.swift in Sources */ = {isa = PBXBuildFile; fileRef = B26A970DB16F141ACD2E048D /* MCComponents.swift */; };
		CB3AA585E9E642D132993A09 /* TavusModels.swift in Sources */ = {isa = PBXBuildFile; fileRef = 73A672F34C224AB23B665B74 /* TavusModels.swift */; };
		CDFA45A6A6AEED5571D8343D /* QAPhaseView.swift in Sources */ = {isa = PBXBuildFile; fileRef = 24C04EC494F7C3E0D9A50830 /* QAPhaseView.swift */; };
		CE50468C8DED5B59CB651AD0 /* AvatarZoneView.swift in Sources */ = {isa = PBXBuildFile; fileRef = 8AED4CC89550A4EF57D0C08D /* AvatarZoneView.swift */; };
		D31B4133BC8CCFB0E8262E52 /* AvatarZoneView.swift in Sources */ = {isa = PBXBuildFile; fileRef = 8AED4CC89550A4EF57D0C08D /* AvatarZoneView.swift */; };
		D9B048C996E5876DA84999E1 /* TavusService.swift in Sources */ = {isa = PBXBuildFile; fileRef = 96594F1C9872605DC0D3E0B5 /* TavusService.swift */; };
		DBFFC4FE1AD3D73F94C1CAEA /* QmciModels.swift in Sources */ = {isa = PBXBuildFile; fileRef = 751BD2930E955EA8A06119C9 /* QmciModels.swift */; };
		DD8047AC8DD798BBEF4FF9FF /* AvatarLayoutManager.swift in Sources */ = {isa = PBXBuildFile; fileRef = F2DB460D8F2037359D15D12D /* AvatarLayoutManager.swift */; };
		F04B422DA9D44E9E223B9478 /* AvatarZoneView.swift in Sources */ = {isa = PBXBuildFile; fileRef = 8AED4CC89550A4EF57D0C08D /* AvatarZoneView.swift */; };
		F3114C9F851B8C059B7E048E /* PauseButtonView.swift in Sources */ = {isa = PBXBuildFile; fileRef = FD67457A85ACD917974962D3 /* PauseButtonView.swift */; };
/* End PBXBuildFile section */

/* Begin PBXContainerItemProxy section */
		9246E5312F6390E900743FA8 /* PBXContainerItemProxy */ = {
			isa = PBXContainerItemProxy;
			containerPortal = 9246E51B2F6390E700743FA8 /* Project object */;
			proxyType = 1;
			remoteGlobalIDString = 9246E5222F6390E700743FA8;
			remoteInfo = VoiceMiniCog;
		};
		9246E53B2F6390E900743FA8 /* PBXContainerItemProxy */ = {
			isa = PBXContainerItemProxy;
			containerPortal = 9246E51B2F6390E700743FA8 /* Project object */;
			proxyType = 1;
			remoteGlobalIDString = 9246E5222F6390E700743FA8;
			remoteInfo = VoiceMiniCog;
		};
/* End PBXContainerItemProxy section */

/* Begin PBXFileReference section */
		03C6DD89C4F844CD764B3BF6 /* PHQ2View.swift */ = {isa = PBXFileReference; lastKnownFileType = sourcecode.swift; path = PHQ2View.swift; sourceTree = "<group>"; };
		0EC35AEF4FB05F4D95DD51DD /* DesignSystem.swift */ = {isa = PBXFileReference; lastKnownFileType = sourcecode.swift; path = DesignSystem.swift; sourceTree = "<group>"; };
		0FB7ABEA2317C53B04DDDCEC /* ProtocolOrchestrator.swift */ = {isa = PBXFileReference; lastKnownFileType = sourcecode.swift; path = ProtocolOrchestrator.swift; sourceTree = "<group>"; };
		1CE5F48D5EC8C26ED8A7C345 /* AvatarView.swift */ = {isa = PBXFileReference; lastKnownFileType = sourcecode.swift; path = AvatarView.swift; sourceTree = "<group>"; };
		24C04EC494F7C3E0D9A50830 /* QAPhaseView.swift */ = {isa = PBXFileReference; lastKnownFileType = sourcecode.swift; name = QAPhaseView.swift; path = VoiceMiniCog/Views/AvatarAssessment/Phases/QAPhaseView.swift; sourceTree = SOURCE_ROOT; };
		29247956694B55B6DC153193 /* PersonaBridge.swift */ = {isa = PBXFileReference; lastKnownFileType = sourcecode.swift; path = PersonaBridge.swift; sourceTree = "<group>"; };
		38CF0DDDD2280670BA728805 /* MiniCogIntroView.swift */ = {isa = PBXFileReference; lastKnownFileType = sourcecode.swift; path = MiniCogIntroView.swift; sourceTree = "<group>"; };
		3CD194CF8C62900F8CD97D84 /* QmciAssessmentView.swift */ = {isa = PBXFileReference; lastKnownFileType = sourcecode.swift; path = QmciAssessmentView.swift; sourceTree = "<group>"; };
		45F840738CA73F27A3075610 /* WordRegistrationPhaseView.swift */ = {isa = PBXFileReference; lastKnownFileType = sourcecode.swift; name = WordRegistrationPhaseView.swift; path = VoiceMiniCog/Views/AvatarAssessment/Phases/WordRegistrationPhaseView.swift; sourceTree = SOURCE_ROOT; };
		5D2CC9A62D1C4768DA55D0EE /* AudioArbitrator.swift */ = {isa = PBXFileReference; lastKnownFileType = sourcecode.swift; path = AudioArbitrator.swift; sourceTree = "<group>"; };
		69864200A4C3F4D34410DD43 /* AssessmentTheme.swift */ = {isa = PBXFileReference; lastKnownFileType = sourcecode.swift; name = AssessmentTheme.swift; path = VoiceMiniCog/Theme/AssessmentTheme.swift; sourceTree = SOURCE_ROOT; };
		73A672F34C224AB23B665B74 /* TavusModels.swift */ = {isa = PBXFileReference; lastKnownFileType = sourcecode.swift; path = TavusModels.swift; sourceTree = "<group>"; };
		74DF1AE6C8C9C83FFBDC2B58 /* OrientationView.swift */ = {isa = PBXFileReference; lastKnownFileType = sourcecode.swift; path = OrientationView.swift; sourceTree = "<group>"; };
		751BD2930E955EA8A06119C9 /* QmciModels.swift */ = {isa = PBXFileReference; lastKnownFileType = sourcecode.swift; path = QmciModels.swift; sourceTree = "<group>"; };
		7980C074148F7BF401F6D35F /* SpeechListenerView.swift */ = {isa = PBXFileReference; lastKnownFileType = sourcecode.swift; path = SpeechListenerView.swift; sourceTree = "<group>"; };
		8602C25FEFDDBC631FC53C0A /* MiniCogLiveView.swift */ = {isa = PBXFileReference; lastKnownFileType = sourcecode.swift; path = MiniCogLiveView.swift; sourceTree = "<group>"; };
		8AED4CC89550A4EF57D0C08D /* AvatarZoneView.swift */ = {isa = PBXFileReference; lastKnownFileType = sourcecode.swift; name = AvatarZoneView.swift; path = VoiceMiniCog/Views/AvatarAssessment/AvatarZoneView.swift; sourceTree = SOURCE_ROOT; };
		8BE2BE0255C285C3D6EC9B6A /* PHQ2Models.swift */ = {isa = PBXFileReference; lastKnownFileType = sourcecode.swift; path = PHQ2Models.swift; sourceTree = "<group>"; };
		9237E6DE984F471E08D0792C /* QDRSModels.swift */ = {isa = PBXFileReference; lastKnownFileType = sourcecode.swift; path = QDRSModels.swift; sourceTree = "<group>"; };
		9246E5232F6390E700743FA8 /* VoiceMiniCog.app */ = {isa = PBXFileReference; explicitFileType = wrapper.application; includeInIndex = 0; path = VoiceMiniCog.app; sourceTree = BUILT_PRODUCTS_DIR; };
		9246E5302F6390E900743FA8 /* VoiceMiniCogTests.xctest */ = {isa = PBXFileReference; explicitFileType = wrapper.cfbundle; includeInIndex = 0; path = VoiceMiniCogTests.xctest; sourceTree = BUILT_PRODUCTS_DIR; };
		9246E53A2F6390E900743FA8 /* VoiceMiniCogUITests.xctest */ = {isa = PBXFileReference; explicitFileType = wrapper.cfbundle; includeInIndex = 0; path = VoiceMiniCogUITests.xctest; sourceTree = BUILT_PRODUCTS_DIR; };
		9246E5D32F63A68D00743FA8 /* APIModels.swift */ = {isa = PBXFileReference; lastKnownFileType = sourcecode.swift; path = APIModels.swift; sourceTree = "<group>"; };
		9246E5D42F63A68D00743FA8 /* AssessmentState.swift */ = {isa = PBXFileReference; lastKnownFileType = sourcecode.swift; path = AssessmentState.swift; sourceTree = "<group>"; };
		9246E5D52F63A68D00743FA8 /* ClockAnalysis.swift */ = {isa = PBXFileReference; lastKnownFileType = sourcecode.swift; path = ClockAnalysis.swift; sourceTree = "<group>"; };
		9246E5D62F63A68D00743FA8 /* CompositeRisk.swift */ = {isa = PBXFileReference; lastKnownFileType = sourcecode.swift; path = CompositeRisk.swift; sourceTree = "<group>"; };
		9246E5D72F63A68D00743FA8 /* Phase.swift */ = {isa = PBXFileReference; lastKnownFileType = sourcecode.swift; path = Phase.swift; sourceTree = "<group>"; };
		9246E5D82F63A68D00743FA8 /* VoiceMiniCogResult.swift */ = {isa = PBXFileReference; lastKnownFileType = sourcecode.swift; path = VoiceMiniCogResult.swift; sourceTree = "<group>"; };
		9246E5DA2F63A68D00743FA8 /* APIClient.swift */ = {isa = PBXFileReference; lastKnownFileType = sourcecode.swift; path = APIClient.swift; sourceTree = "<group>"; };
		9246E5DB2F63A68D00743FA8 /* ElevenLabsService.swift */ = {isa = PBXFileReference; lastKnownFileType = sourcecode.swift; path = ElevenLabsService.swift; sourceTree = "<group>"; };
		9246E5DC2F63A68D00743FA8 /* ResponseCheckers.swift */ = {isa = PBXFileReference; lastKnownFileType = sourcecode.swift; path = ResponseCheckers.swift; sourceTree = "<group>"; };
		9246E5DD2F63A68D00743FA8 /* SpeechService.swift */ = {isa = PBXFileReference; lastKnownFileType = sourcecode.swift; path = SpeechService.swift; sourceTree = "<group>"; };
		9246E5DF2F63A68D00743FA8 /* MercyColors.swift */ = {isa = PBXFileReference; lastKnownFileType = sourcecode.swift; path = MercyColors.swift; sourceTree = "<group>"; };
		9246E5E12F63A68D00743FA8 /* AssessmentView.swift */ = {isa = PBXFileReference; lastKnownFileType = sourcecode.swift; path = AssessmentView.swift; sourceTree = "<group>"; };
		9246E5E22F63A68D00743FA8 /* ClockDrawingView.swift */ = {isa = PBXFileReference; lastKnownFileType = sourcecode.swift; path = ClockDrawingView.swift; sourceTree = "<group>"; };
		9246E5E32F63A68D00743FA8 /* ClockScoringView.swift */ = {isa = PBXFileReference; lastKnownFileType = sourcecode.swift; path = ClockScoringView.swift; sourceTree = "<group>"; };
		9246E5E42F63A68D00743FA8 /* HomeView.swift */ = {isa = PBXFileReference; lastKnownFileType = sourcecode.swift; path = HomeView.swift; sourceTree = "<group>"; };
		9246E5E52F63A68D00743FA8 /* PhaseView.swift */ = {isa = PBXFileReference; lastKnownFileType = sourcecode.swift; path = PhaseView.swift; sourceTree = "<group>"; };
		9246E5E62F63A68D00743FA8 /* ResultsView.swift */ = {isa = PBXFileReference; lastKnownFileType = sourcecode.swift; path = ResultsView.swift; sourceTree = "<group>"; };
		9246E5E72F63A68D00743FA8 /* SummaryView.swift */ = {isa = PBXFileReference; lastKnownFileType = sourcecode.swift; path = SummaryView.swift; sourceTree = "<group>"; };
		9246E5E92F63A68D00743FA8 /* Assets.xcassets */ = {isa = PBXFileReference; lastKnownFileType = folder.assetcatalog; path = Assets.xcassets; sourceTree = "<group>"; };
		9246E5EA2F63A68D00743FA8 /* ContentView.swift */ = {isa = PBXFileReference; lastKnownFileType = sourcecode.swift; path = ContentView.swift; sourceTree = "<group>"; };
		9246E5EB2F63A68D00743FA8 /* VoiceMiniCogApp.swift */ = {isa = PBXFileReference; lastKnownFileType = sourcecode.swift; path = VoiceMiniCogApp.swift; sourceTree = "<group>"; };
		9246E6032F63EB0200743FA8 /* AudioSessionManager.swift */ = {isa = PBXFileReference; lastKnownFileType = sourcecode.swift; path = AudioSessionManager.swift; sourceTree = "<group>"; };
		9246E6042F63EB0200743FA8 /* CDTOnDeviceScorer.swift */ = {isa = PBXFileReference; lastKnownFileType = sourcecode.swift; path = CDTOnDeviceScorer.swift; sourceTree = "<group>"; };
		9246E6062F63EB0200743FA8 /* RealtimeManager.swift */ = {isa = PBXFileReference; lastKnownFileType = sourcecode.swift; path = RealtimeManager.swift; sourceTree = "<group>"; };
		9246E6092F63EB0200743FA8 /* TokenService.swift */ = {isa = PBXFileReference; lastKnownFileType = sourcecode.swift; path = TokenService.swift; sourceTree = "<group>"; };
		96594F1C9872605DC0D3E0B5 /* TavusService.swift */ = {isa = PBXFileReference; lastKnownFileType = sourcecode.swift; name = TavusService.swift; path = VoiceMiniCog/Services/TavusService.swift; sourceTree = SOURCE_ROOT; };
		96B62B67BF8B9AF2F97C8630 /* AntiAmyloidTriage.swift */ = {isa = PBXFileReference; lastKnownFileType = sourcecode.swift; path = AntiAmyloidTriage.swift; sourceTree = "<group>"; };
		97B2423ABF8566C85164CE3A /* ProgressTrackView.swift */ = {isa = PBXFileReference; lastKnownFileType = sourcecode.swift; name = ProgressTrackView.swift; path = VoiceMiniCog/Views/AvatarAssessment/ProgressTrackView.swift; sourceTree = SOURCE_ROOT; };
		9BF0DD581559764F998F9F48 /* ReversibleCauseWorkup.swift */ = {isa = PBXFileReference; lastKnownFileType = sourcecode.swift; path = ReversibleCauseWorkup.swift; sourceTree = "<group>"; };
		9DBB62ABCD178A8DC045A664 /* ScriptClipPlayer.swift */ = {isa = PBXFileReference; lastKnownFileType = sourcecode.swift; path = ScriptClipPlayer.swift; sourceTree = "<group>"; };
		A3334EC18E7FA1708B08B1FB /* TavusCVIView.swift */ = {isa = PBXFileReference; lastKnownFileType = sourcecode.swift; name = TavusCVIView.swift; path = VoiceMiniCog/Views/TavusCVIView.swift; sourceTree = SOURCE_ROOT; };
		B0E02A6190A9CE0358DA301C /* PersonaPlexService.swift */ = {isa = PBXFileReference; lastKnownFileType = sourcecode.swift; path = PersonaPlexService.swift; sourceTree = "<group>"; };
		B26A970DB16F141ACD2E048D /* MCComponents.swift */ = {isa = PBXFileReference; lastKnownFileType = sourcecode.swift; path = MCComponents.swift; sourceTree = "<group>"; };
		BB1C0F92A1317B32C89E950E /* AudioLipSync.swift */ = {isa = PBXFileReference; lastKnownFileType = sourcecode.swift; path = AudioLipSync.swift; sourceTree = "<group>"; };
		BC4D21A02D05C27DACDD9090 /* QDRSView.swift */ = {isa = PBXFileReference; lastKnownFileType = sourcecode.swift; path = QDRSView.swift; sourceTree = "<group>"; };
		BEB740C485092037AB6DA177 /* AvatarAssessmentCanvas.swift */ = {isa = PBXFileReference; lastKnownFileType = sourcecode.swift; name = AvatarAssessmentCanvas.swift; path = VoiceMiniCog/Views/AvatarAssessment/AvatarAssessmentCanvas.swift; sourceTree = SOURCE_ROOT; };
		D565942281E547B8CA33AEAF /* PCPReportView.swift */ = {isa = PBXFileReference; lastKnownFileType = sourcecode.swift; path = PCPReportView.swift; sourceTree = "<group>"; };
		DAF982C247D535EA928BB851 /* VerbalFluencyView.swift */ = {isa = PBXFileReference; lastKnownFileType = sourcecode.swift; path = VerbalFluencyView.swift; sourceTree = "<group>"; };
		E2C648D8941C76864EEDC856 /* WelcomePhaseView.swift */ = {isa = PBXFileReference; lastKnownFileType = sourcecode.swift; name = WelcomePhaseView.swift; path = VoiceMiniCog/Views/AvatarAssessment/Phases/WelcomePhaseView.swift; sourceTree = SOURCE_ROOT; };
		F2DB460D8F2037359D15D12D /* AvatarLayoutManager.swift */ = {isa = PBXFileReference; lastKnownFileType = sourcecode.swift; name = AvatarLayoutManager.swift; path = VoiceMiniCog/Models/AvatarLayoutManager.swift; sourceTree = SOURCE_ROOT; };
		F6DBE19E00FE40DF16EFE4D0 /* LogicalMemoryView.swift */ = {isa = PBXFileReference; lastKnownFileType = sourcecode.swift; path = LogicalMemoryView.swift; sourceTree = "<group>"; };
		F99E06600D77375641FF29E6 /* AvatarStreamServiceStub.swift */ = {isa = PBXFileReference; lastKnownFileType = sourcecode.swift; path = AvatarStreamServiceStub.swift; sourceTree = "<group>"; };
		FA554C44B40C92D0D9612F89 /* TavusAssessmentView.swift */ = {isa = PBXFileReference; lastKnownFileType = sourcecode.swift; name = TavusAssessmentView.swift; path = VoiceMiniCog/Views/TavusAssessmentView.swift; sourceTree = SOURCE_ROOT; };
		FD67457A85ACD917974962D3 /* PauseButtonView.swift */ = {isa = PBXFileReference; lastKnownFileType = sourcecode.swift; name = PauseButtonView.swift; path = VoiceMiniCog/Views/AvatarAssessment/PauseButtonView.swift; sourceTree = SOURCE_ROOT; };
/* End PBXFileReference section */

/* Begin PBXFileSystemSynchronizedRootGroup section */
		9246E5332F6390E900743FA8 /* VoiceMiniCogTests */ = {isa = PBXFileSystemSynchronizedRootGroup; path = VoiceMiniCogTests; sourceTree = "<group>"; };
		9246E53D2F6390E900743FA8 /* VoiceMiniCogUITests */ = {isa = PBXFileSystemSynchronizedRootGroup; path = VoiceMiniCogUITests; sourceTree = "<group>"; };
/* End PBXFileSystemSynchronizedRootGroup section */

/* Begin PBXFrameworksBuildPhase section */
		9246E5202F6390E700743FA8 /* Frameworks */ = {
			isa = PBXFrameworksBuildPhase;
			buildActionMask = 2147483647;
			files = (
			);
			runOnlyForDeploymentPostprocessing = 0;
		};
		9246E52D2F6390E900743FA8 /* Frameworks */ = {
			isa = PBXFrameworksBuildPhase;
			buildActionMask = 2147483647;
			files = (
			);
			runOnlyForDeploymentPostprocessing = 0;
		};
		9246E5372F6390E900743FA8 /* Frameworks */ = {
			isa = PBXFrameworksBuildPhase;
			buildActionMask = 2147483647;
			files = (
			);
			runOnlyForDeploymentPostprocessing = 0;
		};
/* End PBXFrameworksBuildPhase section */

/* Begin PBXGroup section */
		9246E51A2F6390E700743FA8 = {
			isa = PBXGroup;
			children = (
				9246E5EC2F63A68D00743FA8 /* VoiceMiniCog */,
				9246E5332F6390E900743FA8 /* VoiceMiniCogTests */,
				9246E53D2F6390E900743FA8 /* VoiceMiniCogUITests */,
				9246E5242F6390E700743FA8 /* Products */,
				96594F1C9872605DC0D3E0B5 /* TavusService.swift */,
				A3334EC18E7FA1708B08B1FB /* TavusCVIView.swift */,
				FA554C44B40C92D0D9612F89 /* TavusAssessmentView.swift */,
				69864200A4C3F4D34410DD43 /* AssessmentTheme.swift */,
				F2DB460D8F2037359D15D12D /* AvatarLayoutManager.swift */,
				BEB740C485092037AB6DA177 /* AvatarAssessmentCanvas.swift */,
				8AED4CC89550A4EF57D0C08D /* AvatarZoneView.swift */,
				97B2423ABF8566C85164CE3A /* ProgressTrackView.swift */,
				FD67457A85ACD917974962D3 /* PauseButtonView.swift */,
				E2C648D8941C76864EEDC856 /* WelcomePhaseView.swift */,
				45F840738CA73F27A3075610 /* WordRegistrationPhaseView.swift */,
				24C04EC494F7C3E0D9A50830 /* QAPhaseView.swift */,
			);
			sourceTree = "<group>";
		};
		9246E5242F6390E700743FA8 /* Products */ = {
			isa = PBXGroup;
			children = (
				9246E5232F6390E700743FA8 /* VoiceMiniCog.app */,
				9246E5302F6390E900743FA8 /* VoiceMiniCogTests.xctest */,
				9246E53A2F6390E900743FA8 /* VoiceMiniCogUITests.xctest */,
			);
			name = Products;
			sourceTree = "<group>";
		};
		9246E5D92F63A68D00743FA8 /* Models */ = {
			isa = PBXGroup;
			children = (
				9246E5D32F63A68D00743FA8 /* APIModels.swift */,
				9246E5D42F63A68D00743FA8 /* AssessmentState.swift */,
				9246E5D52F63A68D00743FA8 /* ClockAnalysis.swift */,
				9246E5D62F63A68D00743FA8 /* CompositeRisk.swift */,
				9246E5D72F63A68D00743FA8 /* Phase.swift */,
				9246E5D82F63A68D00743FA8 /* VoiceMiniCogResult.swift */,
				73A672F34C224AB23B665B74 /* TavusModels.swift */,
				751BD2930E955EA8A06119C9 /* QmciModels.swift */,
				9237E6DE984F471E08D0792C /* QDRSModels.swift */,
				8BE2BE0255C285C3D6EC9B6A /* PHQ2Models.swift */,
				96B62B67BF8B9AF2F97C8630 /* AntiAmyloidTriage.swift */,
				9BF0DD581559764F998F9F48 /* ReversibleCauseWorkup.swift */,
			);
			path = Models;
			sourceTree = "<group>";
		};
		9246E5DE2F63A68D00743FA8 /* Services */ = {
			isa = PBXGroup;
			children = (
				9246E5DA2F63A68D00743FA8 /* APIClient.swift */,
				9246E5DB2F63A68D00743FA8 /* ElevenLabsService.swift */,
				9246E5DC2F63A68D00743FA8 /* ResponseCheckers.swift */,
				9246E5DD2F63A68D00743FA8 /* SpeechService.swift */,
				9246E6032F63EB0200743FA8 /* AudioSessionManager.swift */,
				9246E6042F63EB0200743FA8 /* CDTOnDeviceScorer.swift */,
				9246E6062F63EB0200743FA8 /* RealtimeManager.swift */,
				9246E6092F63EB0200743FA8 /* TokenService.swift */,
				F99E06600D77375641FF29E6 /* AvatarStreamServiceStub.swift */,
				29247956694B55B6DC153193 /* PersonaBridge.swift */,
				5D2CC9A62D1C4768DA55D0EE /* AudioArbitrator.swift */,
				9DBB62ABCD178A8DC045A664 /* ScriptClipPlayer.swift */,
				0FB7ABEA2317C53B04DDDCEC /* ProtocolOrchestrator.swift */,
				BB1C0F92A1317B32C89E950E /* AudioLipSync.swift */,
				B0E02A6190A9CE0358DA301C /* PersonaPlexService.swift */,
			);
			path = Services;
			sourceTree = "<group>";
		};
		9246E5E02F63A68D00743FA8 /* Theme */ = {
			isa = PBXGroup;
			children = (
				9246E5DF2F63A68D00743FA8 /* MercyColors.swift */,
				0EC35AEF4FB05F4D95DD51DD /* DesignSystem.swift */,
				B26A970DB16F141ACD2E048D /* MCComponents.swift */,
			);
			path = Theme;
			sourceTree = "<group>";
		};
		9246E5E82F63A68D00743FA8 /* Views */ = {
			isa = PBXGroup;
			children = (
				9246E5E12F63A68D00743FA8 /* AssessmentView.swift */,
				9246E5E22F63A68D00743FA8 /* ClockDrawingView.swift */,
				9246E5E32F63A68D00743FA8 /* ClockScoringView.swift */,
				9246E5E42F63A68D00743FA8 /* HomeView.swift */,
				9246E5E52F63A68D00743FA8 /* PhaseView.swift */,
				9246E5E62F63A68D00743FA8 /* ResultsView.swift */,
				9246E5E72F63A68D00743FA8 /* SummaryView.swift */,
				1CE5F48D5EC8C26ED8A7C345 /* AvatarView.swift */,
				8602C25FEFDDBC631FC53C0A /* MiniCogLiveView.swift */,
				BC4D21A02D05C27DACDD9090 /* QDRSView.swift */,
				03C6DD89C4F844CD764B3BF6 /* PHQ2View.swift */,
				74DF1AE6C8C9C83FFBDC2B58 /* OrientationView.swift */,
				DAF982C247D535EA928BB851 /* VerbalFluencyView.swift */,
				F6DBE19E00FE40DF16EFE4D0 /* LogicalMemoryView.swift */,
				3CD194CF8C62900F8CD97D84 /* QmciAssessmentView.swift */,
				D565942281E547B8CA33AEAF /* PCPReportView.swift */,
				7980C074148F7BF401F6D35F /* SpeechListenerView.swift */,
				38CF0DDDD2280670BA728805 /* MiniCogIntroView.swift */,
			);
			path = Views;
			sourceTree = "<group>";
		};
		9246E5EC2F63A68D00743FA8 /* VoiceMiniCog */ = {
			isa = PBXGroup;
			children = (
				9246E5D92F63A68D00743FA8 /* Models */,
				9246E5DE2F63A68D00743FA8 /* Services */,
				9246E5E02F63A68D00743FA8 /* Theme */,
				9246E5E82F63A68D00743FA8 /* Views */,
				9246E5E92F63A68D00743FA8 /* Assets.xcassets */,
				9246E5EA2F63A68D00743FA8 /* ContentView.swift */,
				9246E5EB2F63A68D00743FA8 /* VoiceMiniCogApp.swift */,
			);
			path = VoiceMiniCog;
			sourceTree = "<group>";
		};
/* End PBXGroup section */

/* Begin PBXNativeTarget section */
		9246E5222F6390E700743FA8 /* VoiceMiniCog */ = {
			isa = PBXNativeTarget;
			buildConfigurationList = 9246E5442F6390E900743FA8 /* Build configuration list for PBXNativeTarget "VoiceMiniCog" */;
			buildPhases = (
				9246E51F2F6390E700743FA8 /* Sources */,
				9246E5202F6390E700743FA8 /* Frameworks */,
			);
			buildRules = (
			);
			dependencies = (
			);
			name = VoiceMiniCog;
			packageProductDependencies = (
			);
			productName = VoiceMiniCog;
			productReference = 9246E5232F6390E700743FA8 /* VoiceMiniCog.app */;
			productType = "com.apple.product-type.application";
		};
		9246E52F2F6390E900743FA8 /* VoiceMiniCogTests */ = {
			isa = PBXNativeTarget;
			buildConfigurationList = 9246E5472F6390E900743FA8 /* Build configuration list for PBXNativeTarget "VoiceMiniCogTests" */;
			buildPhases = (
				9246E52C2F6390E900743FA8 /* Sources */,
				9246E52D2F6390E900743FA8 /* Frameworks */,
				9246E52E2F6390E900743FA8 /* Resources */,
			);
			buildRules = (
			);
			dependencies = (
				9246E5322F6390E900743FA8 /* PBXTargetDependency */,
			);
			fileSystemSynchronizedGroups = (
				9246E5332F6390E900743FA8 /* VoiceMiniCogTests */,
			);
			name = VoiceMiniCogTests;
			packageProductDependencies = (
			);
			productName = VoiceMiniCogTests;
			productReference = 9246E5302F6390E900743FA8 /* VoiceMiniCogTests.xctest */;
			productType = "com.apple.product-type.bundle.unit-test";
		};
		9246E5392F6390E900743FA8 /* VoiceMiniCogUITests */ = {
			isa = PBXNativeTarget;
			buildConfigurationList = 9246E54A2F6390E900743FA8 /* Build configuration list for PBXNativeTarget "VoiceMiniCogUITests" */;
			buildPhases = (
				9246E5362F6390E900743FA8 /* Sources */,
				9246E5372F6390E900743FA8 /* Frameworks */,
				9246E5382F6390E900743FA8 /* Resources */,
			);
			buildRules = (
			);
			dependencies = (
				9246E53C2F6390E900743FA8 /* PBXTargetDependency */,
			);
			fileSystemSynchronizedGroups = (
				9246E53D2F6390E900743FA8 /* VoiceMiniCogUITests */,
			);
			name = VoiceMiniCogUITests;
			packageProductDependencies = (
			);
			productName = VoiceMiniCogUITests;
			productReference = 9246E53A2F6390E900743FA8 /* VoiceMiniCogUITests.xctest */;
			productType = "com.apple.product-type.bundle.ui-testing";
		};
/* End PBXNativeTarget section */

/* Begin PBXProject section */
		9246E51B2F6390E700743FA8 /* Project object */ = {
			isa = PBXProject;
			attributes = {
				BuildIndependentTargetsInParallel = 1;
				LastSwiftUpdateCheck = 2620;
				LastUpgradeCheck = 2620;
				TargetAttributes = {
					9246E5222F6390E700743FA8 = {
						CreatedOnToolsVersion = 26.2;
					};
					9246E52F2F6390E900743FA8 = {
						CreatedOnToolsVersion = 26.2;
						TestTargetID = 9246E5222F6390E700743FA8;
					};
					9246E5392F6390E900743FA8 = {
						CreatedOnToolsVersion = 26.2;
						TestTargetID = 9246E5222F6390E700743FA8;
					};
				};
			};
			buildConfigurationList = 9246E51E2F6390E700743FA8 /* Build configuration list for PBXProject "VoiceMiniCog" */;
			developmentRegion = en;
			hasScannedForEncodings = 0;
			knownRegions = (
				en,
				Base,
			);
			mainGroup = 9246E51A2F6390E700743FA8;
			minimizedProjectReferenceProxies = 1;
			preferredProjectObjectVersion = 77;
			productRefGroup = 9246E5242F6390E700743FA8 /* Products */;
			projectDirPath = "";
			projectRoot = "";
			targets = (
				9246E5222F6390E700743FA8 /* VoiceMiniCog */,
				9246E52F2F6390E900743FA8 /* VoiceMiniCogTests */,
				9246E5392F6390E900743FA8 /* VoiceMiniCogUITests */,
			);
		};
/* End PBXProject section */

/* Begin PBXResourcesBuildPhase section */
		9246E52E2F6390E900743FA8 /* Resources */ = {
			isa = PBXResourcesBuildPhase;
			buildActionMask = 2147483647;
			files = (
			);
			runOnlyForDeploymentPostprocessing = 0;
		};
		9246E5382F6390E900743FA8 /* Resources */ = {
			isa = PBXResourcesBuildPhase;
			buildActionMask = 2147483647;
			files = (
			);
			runOnlyForDeploymentPostprocessing = 0;
		};
/* End PBXResourcesBuildPhase section */

/* Begin PBXSourcesBuildPhase section */
		9246E51F2F6390E700743FA8 /* Sources */ = {
			isa = PBXSourcesBuildPhase;
			buildActionMask = 2147483647;
			files = (
				9246E5ED2F63A68D00743FA8 /* ElevenLabsService.swift in Sources */,
				9246E5F02F63A68D00743FA8 /* MercyColors.swift in Sources */,
				9246E60A2F63EB0200743FA8 /* AudioSessionManager.swift in Sources */,
				9246E60E2F63EB0200743FA8 /* RealtimeManager.swift in Sources */,
				9246E6102F63EB0200743FA8 /* TokenService.swift in Sources */,
				9246E6112F63EB0200743FA8 /* CDTOnDeviceScorer.swift in Sources */,
				9246E5F12F63A68D00743FA8 /* ContentView.swift in Sources */,
				9246E5F22F63A68D00743FA8 /* ClockScoringView.swift in Sources */,
				9246E5F32F63A68D00743FA8 /* VoiceMiniCogApp.swift in Sources */,
				9246E5F42F63A68D00743FA8 /* Phase.swift in Sources */,
				9246E5F62F63A68D00743FA8 /* APIClient.swift in Sources */,
				9246E5F72F63A68D00743FA8 /* AssessmentState.swift in Sources */,
				9246E5F92F63A68D00743FA8 /* ResponseCheckers.swift in Sources */,
				9246E5FA2F63A68D00743FA8 /* APIModels.swift in Sources */,
				9246E5FB2F63A68D00743FA8 /* CompositeRisk.swift in Sources */,
				9246E5FC2F63A68D00743FA8 /* ClockDrawingView.swift in Sources */,
				9246E5FE2F63A68D00743FA8 /* HomeView.swift in Sources */,
				9246E5FF2F63A68D00743FA8 /* ClockAnalysis.swift in Sources */,
				9246E6002F63A68D00743FA8 /* SpeechService.swift in Sources */,
				05850BA43180DFAE35B7D585 /* AvatarStreamServiceStub.swift in Sources */,
				211EBE0C05DAFAB525006AF3 /* PersonaBridge.swift in Sources */,
				980BEC39054F639639CDE1CD /* AudioArbitrator.swift in Sources */,
				50A761907240B283685DEA17 /* ScriptClipPlayer.swift in Sources */,
				2600D7F94345E4911E2CA1BB /* ProtocolOrchestrator.swift in Sources */,
				CB3AA585E9E642D132993A09 /* TavusModels.swift in Sources */,
				53932F3F0E07F33067B9944B /* AvatarView.swift in Sources */,
				A62B072BFF3D3F628FADA20D /* MiniCogLiveView.swift in Sources */,
				DBFFC4FE1AD3D73F94C1CAEA /* QmciModels.swift in Sources */,
				126202A81A2B3E32BCCF4154 /* QDRSModels.swift in Sources */,
				72CDFCE89C59E0CF736E4422 /* PHQ2Models.swift in Sources */,
				C066570A0DEE2C1DCB7A3FD1 /* AntiAmyloidTriage.swift in Sources */,
				3898B9793949514306024555 /* ReversibleCauseWorkup.swift in Sources */,
				99B9883975AA22BB9733DDFE /* AudioLipSync.swift in Sources */,
				267C32D5F7B8194A9340AFDA /* PersonaPlexService.swift in Sources */,
				3D9F3B094445F56D34E85BF5 /* QDRSView.swift in Sources */,
				BC9CA8970AED9F64A42351B9 /* PHQ2View.swift in Sources */,
				AB2E81D748223F4F39B0D7C0 /* OrientationView.swift in Sources */,
				380CA78913CFFD9E5B8F8EA3 /* VerbalFluencyView.swift in Sources */,
				13F141A72CED1EBA15FD16B5 /* LogicalMemoryView.swift in Sources */,
				BB121FCE155B73B8F7967BEB /* QmciAssessmentView.swift in Sources */,
				10491A567FDBD35822AF73AA /* PCPReportView.swift in Sources */,
				6E5F4733F09DFAE667DC9762 /* SpeechListenerView.swift in Sources */,
				086FDB18D0591BCCCFD6395B /* MiniCogIntroView.swift in Sources */,
				B67FF4CDBC6F21965C087971 /* DesignSystem.swift in Sources */,
				C78ABD27FAD40B924D8C60A5 /* MCComponents.swift in Sources */,
				D9B048C996E5876DA84999E1 /* TavusService.swift in Sources */,
				9D8C48518727F98F806B1459 /* TavusCVIView.swift in Sources */,
				90B4464396663EFA7F19795D /* TavusAssessmentView.swift in Sources */,
				688842DD9A7B6E873D292EC6 /* AssessmentTheme.swift in Sources */,
				52AF46D1BC06D1406F6C47E3 /* AvatarLayoutManager.swift in Sources */,
				02E0487592CC543560C532CC /* AvatarAssessmentCanvas.swift in Sources */,
				CE50468C8DED5B59CB651AD0 /* AvatarZoneView.swift in Sources */,
				5E294F07BC2C05D9B61F7A1C /* ProgressTrackView.swift in Sources */,
				638C4335A584CF7F4BD45307 /* PauseButtonView.swift in Sources */,
				61BB4F2B8282A3FB2CF508C4 /* WelcomePhaseView.swift in Sources */,
				89184C0EA4D2696A1A2C4CAB /* WordRegistrationPhaseView.swift in Sources */,
				A71E4FC5A717B07681C51A7B /* QAPhaseView.swift in Sources */,
			);
			runOnlyForDeploymentPostprocessing = 0;
		};
		9246E52C2F6390E900743FA8 /* Sources */ = {
			isa = PBXSourcesBuildPhase;
			buildActionMask = 2147483647;
			files = (
				9F6148A3B2DD388992ADE378 /* TavusService.swift in Sources */,
				74B346CEB8F9A8B6ACA6DEB0 /* TavusCVIView.swift in Sources */,
				88034F92B49D28E55AE9A40D /* TavusAssessmentView.swift in Sources */,
				68444A9984B3B363AFBE708F /* AssessmentTheme.swift in Sources */,
				DD8047AC8DD798BBEF4FF9FF /* AvatarLayoutManager.swift in Sources */,
				11CD4EA9ABE27C8E98820E70 /* AvatarAssessmentCanvas.swift in Sources */,
				D31B4133BC8CCFB0E8262E52 /* AvatarZoneView.swift in Sources */,
				79C34F579A1CA2F1DEBB913E /* ProgressTrackView.swift in Sources */,
				F3114C9F851B8C059B7E048E /* PauseButtonView.swift in Sources */,
				BE6B440D9E546C8C29FF39B6 /* WelcomePhaseView.swift in Sources */,
				A9E143C69400896A63877621 /* WordRegistrationPhaseView.swift in Sources */,
				0C184F889A4F46FE77D82BF2 /* QAPhaseView.swift in Sources */,
			);
			runOnlyForDeploymentPostprocessing = 0;
		};
		9246E5362F6390E900743FA8 /* Sources */ = {
			isa = PBXSourcesBuildPhase;
			buildActionMask = 2147483647;
			files = (
				43E8415B91255D41CB083B3A /* TavusService.swift in Sources */,
				529B42ECB53B8E5665F466EF /* TavusCVIView.swift in Sources */,
				9845407B8B0DE0440D44EFF4 /* TavusAssessmentView.swift in Sources */,
				BE274F0A802EBE067EF6DC75 /* AssessmentTheme.swift in Sources */,
				091D45FE97BB01D2191F3E2F /* AvatarLayoutManager.swift in Sources */,
				473C49F083411C733E173CC1 /* AvatarAssessmentCanvas.swift in Sources */,
				F04B422DA9D44E9E223B9478 /* AvatarZoneView.swift in Sources */,
				C3AD40C38C918C7FA86C1E5F /* ProgressTrackView.swift in Sources */,
				1C5346948A10D0A36CCC3ADD /* PauseButtonView.swift in Sources */,
				7CBE4AB2B40A94F6F704E500 /* WelcomePhaseView.swift in Sources */,
				A4AD412CB36EB9CE4ACFB313 /* WordRegistrationPhaseView.swift in Sources */,
				CDFA45A6A6AEED5571D8343D /* QAPhaseView.swift in Sources */,
			);
			runOnlyForDeploymentPostprocessing = 0;
		};
/* End PBXSourcesBuildPhase section */

/* Begin PBXTargetDependency section */
		9246E5322F6390E900743FA8 /* PBXTargetDependency */ = {
			isa = PBXTargetDependency;
			target = 9246E5222F6390E700743FA8 /* VoiceMiniCog */;
			targetProxy = 9246E5312F6390E900743FA8 /* PBXContainerItemProxy */;
		};
		9246E53C2F6390E900743FA8 /* PBXTargetDependency */ = {
			isa = PBXTargetDependency;
			target = 9246E5222F6390E700743FA8 /* VoiceMiniCog */;
			targetProxy = 9246E53B2F6390E900743FA8 /* PBXContainerItemProxy */;
		};
/* End PBXTargetDependency section */

/* Begin XCBuildConfiguration section */
		9246E5422F6390E900743FA8 /* Debug */ = {
			isa = XCBuildConfiguration;
			buildSettings = {
				ALWAYS_SEARCH_USER_PATHS = NO;
				ASSETCATALOG_COMPILER_GENERATE_SWIFT_ASSET_SYMBOL_EXTENSIONS = YES;
				CLANG_ANALYZER_NONNULL = YES;
				CLANG_ANALYZER_NUMBER_OBJECT_CONVERSION = YES_AGGRESSIVE;
				CLANG_CXX_LANGUAGE_STANDARD = "gnu++20";
				CLANG_ENABLE_MODULES = YES;
				CLANG_ENABLE_OBJC_ARC = YES;
				CLANG_ENABLE_OBJC_WEAK = YES;
				CLANG_WARN_BLOCK_CAPTURE_AUTORELEASING = YES;
				CLANG_WARN_BOOL_CONVERSION = YES;
				CLANG_WARN_COMMA = YES;
				CLANG_WARN_CONSTANT_CONVERSION = YES;
				CLANG_WARN_DEPRECATED_OBJC_IMPLEMENTATIONS = YES;
				CLANG_WARN_DIRECT_OBJC_ISA_USAGE = YES_ERROR;
				CLANG_WARN_DOCUMENTATION_COMMENTS = YES;
				CLANG_WARN_EMPTY_BODY = YES;
				CLANG_WARN_ENUM_CONVERSION = YES;
				CLANG_WARN_INFINITE_RECURSION = YES;
				CLANG_WARN_INT_CONVERSION = YES;
				CLANG_WARN_NON_LITERAL_NULL_CONVERSION = YES;
				CLANG_WARN_OBJC_IMPLICIT_RETAIN_SELF = YES;
				CLANG_WARN_OBJC_LITERAL_CONVERSION = YES;
				CLANG_WARN_OBJC_ROOT_CLASS = YES_ERROR;
				CLANG_WARN_QUOTED_INCLUDE_IN_FRAMEWORK_HEADER = YES;
				CLANG_WARN_RANGE_LOOP_ANALYSIS = YES;
				CLANG_WARN_STRICT_PROTOTYPES = YES;
				CLANG_WARN_SUSPICIOUS_MOVE = YES;
				CLANG_WARN_UNGUARDED_AVAILABILITY = YES_AGGRESSIVE;
				CLANG_WARN_UNREACHABLE_CODE = YES;
				CLANG_WARN__DUPLICATE_METHOD_MATCH = YES;
				COPY_PHASE_STRIP = NO;
				DEBUG_INFORMATION_FORMAT = dwarf;
				ENABLE_STRICT_OBJC_MSGSEND = YES;
				ENABLE_TESTABILITY = YES;
				ENABLE_USER_SCRIPT_SANDBOXING = YES;
				GCC_C_LANGUAGE_STANDARD = gnu17;
				GCC_DYNAMIC_NO_PIC = NO;
				GCC_NO_COMMON_BLOCKS = YES;
				GCC_OPTIMIZATION_LEVEL = 0;
				GCC_PREPROCESSOR_DEFINITIONS = (
					"DEBUG=1",
					"$(inherited)",
				);
				GCC_WARN_64_TO_32_BIT_CONVERSION = YES;
				GCC_WARN_ABOUT_RETURN_TYPE = YES_ERROR;
				GCC_WARN_UNDECLARED_SELECTOR = YES;
				GCC_WARN_UNINITIALIZED_AUTOS = YES_AGGRESSIVE;
				GCC_WARN_UNUSED_FUNCTION = YES;
				GCC_WARN_UNUSED_VARIABLE = YES;
				LOCALIZATION_PREFERS_STRING_CATALOGS = YES;
				MTL_ENABLE_DEBUG_INFO = INCLUDE_SOURCE;
				MTL_FAST_MATH = YES;
				ONLY_ACTIVE_ARCH = YES;
				SWIFT_ACTIVE_COMPILATION_CONDITIONS = "DEBUG $(inherited)";
				SWIFT_OPTIMIZATION_LEVEL = "-Onone";
			};
			name = Debug;
		};
		9246E5432F6390E900743FA8 /* Release */ = {
			isa = XCBuildConfiguration;
			buildSettings = {
				ALWAYS_SEARCH_USER_PATHS = NO;
				ASSETCATALOG_COMPILER_GENERATE_SWIFT_ASSET_SYMBOL_EXTENSIONS = YES;
				CLANG_ANALYZER_NONNULL = YES;
				CLANG_ANALYZER_NUMBER_OBJECT_CONVERSION = YES_AGGRESSIVE;
				CLANG_CXX_LANGUAGE_STANDARD = "gnu++20";
				CLANG_ENABLE_MODULES = YES;
				CLANG_ENABLE_OBJC_ARC = YES;
				CLANG_ENABLE_OBJC_WEAK = YES;
				CLANG_WARN_BLOCK_CAPTURE_AUTORELEASING = YES;
				CLANG_WARN_BOOL_CONVERSION = YES;
				CLANG_WARN_COMMA = YES;
				CLANG_WARN_CONSTANT_CONVERSION = YES;
				CLANG_WARN_DEPRECATED_OBJC_IMPLEMENTATIONS = YES;
				CLANG_WARN_DIRECT_OBJC_ISA_USAGE = YES_ERROR;
				CLANG_WARN_DOCUMENTATION_COMMENTS = YES;
				CLANG_WARN_EMPTY_BODY = YES;
				CLANG_WARN_ENUM_CONVERSION = YES;
				CLANG_WARN_INFINITE_RECURSION = YES;
				CLANG_WARN_INT_CONVERSION = YES;
				CLANG_WARN_NON_LITERAL_NULL_CONVERSION = YES;
				CLANG_WARN_OBJC_IMPLICIT_RETAIN_SELF = YES;
				CLANG_WARN_OBJC_LITERAL_CONVERSION = YES;
				CLANG_WARN_OBJC_ROOT_CLASS = YES_ERROR;
				CLANG_WARN_QUOTED_INCLUDE_IN_FRAMEWORK_HEADER = YES;
				CLANG_WARN_RANGE_LOOP_ANALYSIS = YES;
				CLANG_WARN_STRICT_PROTOTYPES = YES;
				CLANG_WARN_SUSPICIOUS_MOVE = YES;
				CLANG_WARN_UNGUARDED_AVAILABILITY = YES_AGGRESSIVE;
				CLANG_WARN_UNREACHABLE_CODE = YES;
				CLANG_WARN__DUPLICATE_METHOD_MATCH = YES;
				COPY_PHASE_STRIP = NO;
				DEBUG_INFORMATION_FORMAT = "dwarf-with-dsym";
				ENABLE_NS_ASSERTIONS = NO;
				ENABLE_STRICT_OBJC_MSGSEND = YES;
				ENABLE_USER_SCRIPT_SANDBOXING = YES;
				GCC_C_LANGUAGE_STANDARD = gnu17;
				GCC_NO_COMMON_BLOCKS = YES;
				GCC_WARN_64_TO_32_BIT_CONVERSION = YES;
				GCC_WARN_ABOUT_RETURN_TYPE = YES_ERROR;
				GCC_WARN_UNDECLARED_SELECTOR = YES;
				GCC_WARN_UNINITIALIZED_AUTOS = YES_AGGRESSIVE;
				GCC_WARN_UNUSED_FUNCTION = YES;
				GCC_WARN_UNUSED_VARIABLE = YES;
				LOCALIZATION_PREFERS_STRING_CATALOGS = YES;
				MTL_ENABLE_DEBUG_INFO = NO;
				MTL_FAST_MATH = YES;
				SWIFT_COMPILATION_MODE = wholemodule;
			};
			name = Release;
		};
		9246E5452F6390E900743FA8 /* Debug */ = {
			isa = XCBuildConfiguration;
			buildSettings = {
				ASSETCATALOG_COMPILER_APPICON_NAME = AppIcon;
				ASSETCATALOG_COMPILER_GLOBAL_ACCENT_COLOR_NAME = AccentColor;
				CODE_SIGN_STYLE = Automatic;
				CURRENT_PROJECT_VERSION = 1;
				DEVELOPMENT_TEAM = 5B932KH47W;
				ENABLE_APP_SANDBOX = YES;
				ENABLE_PREVIEWS = YES;
				ENABLE_USER_SELECTED_FILES = readonly;
				GENERATE_INFOPLIST_FILE = YES;
				INFOPLIST_KEY_NSMicrophoneUsageDescription = "VoiceMiniCog needs microphone access to listen to your responses";
				INFOPLIST_KEY_NSSpeechRecognitionUsageDescription = "VoiceMiniCog uses speech recognition to transcribe your responses";
				"INFOPLIST_KEY_UIApplicationSceneManifest_Generation[sdk=iphoneos*]" = YES;
				"INFOPLIST_KEY_UIApplicationSceneManifest_Generation[sdk=iphonesimulator*]" = YES;
				"INFOPLIST_KEY_UIApplicationSupportsIndirectInputEvents[sdk=iphoneos*]" = YES;
				"INFOPLIST_KEY_UIApplicationSupportsIndirectInputEvents[sdk=iphonesimulator*]" = YES;
				"INFOPLIST_KEY_UILaunchScreen_Generation[sdk=iphoneos*]" = YES;
				"INFOPLIST_KEY_UILaunchScreen_Generation[sdk=iphonesimulator*]" = YES;
				"INFOPLIST_KEY_UIStatusBarStyle[sdk=iphoneos*]" = UIStatusBarStyleDefault;
				"INFOPLIST_KEY_UIStatusBarStyle[sdk=iphonesimulator*]" = UIStatusBarStyleDefault;
				INFOPLIST_KEY_UISupportedInterfaceOrientations_iPad = "UIInterfaceOrientationPortrait UIInterfaceOrientationPortraitUpsideDown UIInterfaceOrientationLandscapeLeft UIInterfaceOrientationLandscapeRight";
				INFOPLIST_KEY_UISupportedInterfaceOrientations_iPhone = "UIInterfaceOrientationPortrait UIInterfaceOrientationLandscapeLeft UIInterfaceOrientationLandscapeRight";
				IPHONEOS_DEPLOYMENT_TARGET = 17.6;
				LD_RUNPATH_SEARCH_PATHS = "@executable_path/Frameworks";
				"LD_RUNPATH_SEARCH_PATHS[sdk=macosx*]" = "@executable_path/../Frameworks";
				LIBRARY_SEARCH_PATHS = (
					"$(SRCROOT)/VoiceMiniCog/Services",
					"$(SRCROOT)/VoiceMiniCog/Views",
				);
				MACOSX_DEPLOYMENT_TARGET = 26.2;
				MARKETING_VERSION = 1.0;
				PRODUCT_BUNDLE_IDENTIFIER = com.mercycog.VoiceMiniCog;
				PRODUCT_NAME = "$(TARGET_NAME)";
				REGISTER_APP_GROUPS = YES;
				SDKROOT = auto;
				STRING_CATALOG_GENERATE_SYMBOLS = YES;
				SUPPORTED_PLATFORMS = "iphoneos iphonesimulator";
				SUPPORTS_MACCATALYST = NO;
				SWIFT_APPROACHABLE_CONCURRENCY = YES;
				SWIFT_DEFAULT_ACTOR_ISOLATION = MainActor;
				SWIFT_EMIT_LOC_STRINGS = YES;
				SWIFT_UPCOMING_FEATURE_MEMBER_IMPORT_VISIBILITY = YES;
				SWIFT_VERSION = 5.0;
				TARGETED_DEVICE_FAMILY = 2;
				XROS_DEPLOYMENT_TARGET = 26.2;
			};
			name = Debug;
		};
		9246E5462F6390E900743FA8 /* Release */ = {
			isa = XCBuildConfiguration;
			buildSettings = {
				ASSETCATALOG_COMPILER_APPICON_NAME = AppIcon;
				ASSETCATALOG_COMPILER_GLOBAL_ACCENT_COLOR_NAME = AccentColor;
				CODE_SIGN_STYLE = Automatic;
				CURRENT_PROJECT_VERSION = 1;
				DEVELOPMENT_TEAM = 5B932KH47W;
				ENABLE_APP_SANDBOX = YES;
				ENABLE_PREVIEWS = YES;
				ENABLE_USER_SELECTED_FILES = readonly;
				GENERATE_INFOPLIST_FILE = YES;
				INFOPLIST_KEY_NSMicrophoneUsageDescription = "VoiceMiniCog needs microphone access to listen to your responses";
				INFOPLIST_KEY_NSSpeechRecognitionUsageDescription = "VoiceMiniCog uses speech recognition to transcribe your responses";
				"INFOPLIST_KEY_UIApplicationSceneManifest_Generation[sdk=iphoneos*]" = YES;
				"INFOPLIST_KEY_UIApplicationSceneManifest_Generation[sdk=iphonesimulator*]" = YES;
				"INFOPLIST_KEY_UIApplicationSupportsIndirectInputEvents[sdk=iphoneos*]" = YES;
				"INFOPLIST_KEY_UIApplicationSupportsIndirectInputEvents[sdk=iphonesimulator*]" = YES;
				"INFOPLIST_KEY_UILaunchScreen_Generation[sdk=iphoneos*]" = YES;
				"INFOPLIST_KEY_UILaunchScreen_Generation[sdk=iphonesimulator*]" = YES;
				"INFOPLIST_KEY_UIStatusBarStyle[sdk=iphoneos*]" = UIStatusBarStyleDefault;
				"INFOPLIST_KEY_UIStatusBarStyle[sdk=iphonesimulator*]" = UIStatusBarStyleDefault;
				INFOPLIST_KEY_UISupportedInterfaceOrientations_iPad = "UIInterfaceOrientationPortrait UIInterfaceOrientationPortraitUpsideDown UIInterfaceOrientationLandscapeLeft UIInterfaceOrientationLandscapeRight";
				INFOPLIST_KEY_UISupportedInterfaceOrientations_iPhone = "UIInterfaceOrientationPortrait UIInterfaceOrientationLandscapeLeft UIInterfaceOrientationLandscapeRight";
				IPHONEOS_DEPLOYMENT_TARGET = 17.6;
				LD_RUNPATH_SEARCH_PATHS = "@executable_path/Frameworks";
				"LD_RUNPATH_SEARCH_PATHS[sdk=macosx*]" = "@executable_path/../Frameworks";
				LIBRARY_SEARCH_PATHS = (
					"$(SRCROOT)/VoiceMiniCog/Services",
					"$(SRCROOT)/VoiceMiniCog/Views",
				);
				MACOSX_DEPLOYMENT_TARGET = 26.2;
				MARKETING_VERSION = 1.0;
				PRODUCT_BUNDLE_IDENTIFIER = com.mercycog.VoiceMiniCog;
				PRODUCT_NAME = "$(TARGET_NAME)";
				REGISTER_APP_GROUPS = YES;
				SDKROOT = auto;
				STRING_CATALOG_GENERATE_SYMBOLS = YES;
				SUPPORTED_PLATFORMS = "iphoneos iphonesimulator";
				SUPPORTS_MACCATALYST = NO;
				SWIFT_APPROACHABLE_CONCURRENCY = YES;
				SWIFT_DEFAULT_ACTOR_ISOLATION = MainActor;
				SWIFT_EMIT_LOC_STRINGS = YES;
				SWIFT_UPCOMING_FEATURE_MEMBER_IMPORT_VISIBILITY = YES;
				SWIFT_VERSION = 5.0;
				TARGETED_DEVICE_FAMILY = 2;
				XROS_DEPLOYMENT_TARGET = 26.2;
			};
			name = Release;
		};
		9246E5482F6390E900743FA8 /* Debug */ = {
			isa = XCBuildConfiguration;
			buildSettings = {
				BUNDLE_LOADER = "$(TEST_HOST)";
				CODE_SIGN_STYLE = Automatic;
				CURRENT_PROJECT_VERSION = 1;
				GENERATE_INFOPLIST_FILE = YES;
				IPHONEOS_DEPLOYMENT_TARGET = 26.2;
				LIBRARY_SEARCH_PATHS = (
					"$(SRCROOT)/VoiceMiniCog/Services",
					"$(SRCROOT)/VoiceMiniCog/Views",
				);
				MACOSX_DEPLOYMENT_TARGET = 26.2;
				MARKETING_VERSION = 1.0;
				PRODUCT_BUNDLE_IDENTIFIER = com.mercycog.VoiceMiniCogTests;
				PRODUCT_NAME = "$(TARGET_NAME)";
				SDKROOT = auto;
				STRING_CATALOG_GENERATE_SYMBOLS = NO;
				SUPPORTED_PLATFORMS = "iphoneos iphonesimulator macosx xros xrsimulator";
				SWIFT_APPROACHABLE_CONCURRENCY = YES;
				SWIFT_EMIT_LOC_STRINGS = NO;
				SWIFT_UPCOMING_FEATURE_MEMBER_IMPORT_VISIBILITY = YES;
				SWIFT_VERSION = 5.0;
				TARGETED_DEVICE_FAMILY = "1,2,7";
				TEST_HOST = "$(BUILT_PRODUCTS_DIR)/VoiceMiniCog.app/$(BUNDLE_EXECUTABLE_FOLDER_PATH)/VoiceMiniCog";
				XROS_DEPLOYMENT_TARGET = 26.2;
			};
			name = Debug;
		};
		9246E5492F6390E900743FA8 /* Release */ = {
			isa = XCBuildConfiguration;
			buildSettings = {
				BUNDLE_LOADER = "$(TEST_HOST)";
				CODE_SIGN_STYLE = Automatic;
				CURRENT_PROJECT_VERSION = 1;
				GENERATE_INFOPLIST_FILE = YES;
				IPHONEOS_DEPLOYMENT_TARGET = 26.2;
				LIBRARY_SEARCH_PATHS = (
					"$(SRCROOT)/VoiceMiniCog/Services",
					"$(SRCROOT)/VoiceMiniCog/Views",
				);
				MACOSX_DEPLOYMENT_TARGET = 26.2;
				MARKETING_VERSION = 1.0;
				PRODUCT_BUNDLE_IDENTIFIER = com.mercycog.VoiceMiniCogTests;
				PRODUCT_NAME = "$(TARGET_NAME)";
				SDKROOT = auto;
				STRING_CATALOG_GENERATE_SYMBOLS = NO;
				SUPPORTED_PLATFORMS = "iphoneos iphonesimulator macosx xros xrsimulator";
				SWIFT_APPROACHABLE_CONCURRENCY = YES;
				SWIFT_EMIT_LOC_STRINGS = NO;
				SWIFT_UPCOMING_FEATURE_MEMBER_IMPORT_VISIBILITY = YES;
				SWIFT_VERSION = 5.0;
				TARGETED_DEVICE_FAMILY = "1,2,7";
				TEST_HOST = "$(BUILT_PRODUCTS_DIR)/VoiceMiniCog.app/$(BUNDLE_EXECUTABLE_FOLDER_PATH)/VoiceMiniCog";
				XROS_DEPLOYMENT_TARGET = 26.2;
			};
			name = Release;
		};
		9246E54B2F6390E900743FA8 /* Debug */ = {
			isa = XCBuildConfiguration;
			buildSettings = {
				CODE_SIGN_STYLE = Automatic;
				CURRENT_PROJECT_VERSION = 1;
				GENERATE_INFOPLIST_FILE = YES;
				IPHONEOS_DEPLOYMENT_TARGET = 26.2;
				LIBRARY_SEARCH_PATHS = (
					"$(SRCROOT)/VoiceMiniCog/Services",
					"$(SRCROOT)/VoiceMiniCog/Views",
				);
				MACOSX_DEPLOYMENT_TARGET = 26.2;
				MARKETING_VERSION = 1.0;
				PRODUCT_BUNDLE_IDENTIFIER = com.mercycog.VoiceMiniCogUITests;
				PRODUCT_NAME = "$(TARGET_NAME)";
				SDKROOT = auto;
				STRING_CATALOG_GENERATE_SYMBOLS = NO;
				SUPPORTED_PLATFORMS = "iphoneos iphonesimulator macosx xros xrsimulator";
				SWIFT_APPROACHABLE_CONCURRENCY = YES;
				SWIFT_EMIT_LOC_STRINGS = NO;
				SWIFT_UPCOMING_FEATURE_MEMBER_IMPORT_VISIBILITY = YES;
				SWIFT_VERSION = 5.0;
				TARGETED_DEVICE_FAMILY = "1,2,7";
				TEST_TARGET_NAME = VoiceMiniCog;
				XROS_DEPLOYMENT_TARGET = 26.2;
			};
			name = Debug;
		};
		9246E54C2F6390E900743FA8 /* Release */ = {
			isa = XCBuildConfiguration;
			buildSettings = {
				CODE_SIGN_STYLE = Automatic;
				CURRENT_PROJECT_VERSION = 1;
				GENERATE_INFOPLIST_FILE = YES;
				IPHONEOS_DEPLOYMENT_TARGET = 26.2;
				LIBRARY_SEARCH_PATHS = (
					"$(SRCROOT)/VoiceMiniCog/Services",
					"$(SRCROOT)/VoiceMiniCog/Views",
				);
				MACOSX_DEPLOYMENT_TARGET = 26.2;
				MARKETING_VERSION = 1.0;
				PRODUCT_BUNDLE_IDENTIFIER = com.mercycog.VoiceMiniCogUITests;
				PRODUCT_NAME = "$(TARGET_NAME)";
				SDKROOT = auto;
				STRING_CATALOG_GENERATE_SYMBOLS = NO;
				SUPPORTED_PLATFORMS = "iphoneos iphonesimulator macosx xros xrsimulator";
				SWIFT_APPROACHABLE_CONCURRENCY = YES;
				SWIFT_EMIT_LOC_STRINGS = NO;
				SWIFT_UPCOMING_FEATURE_MEMBER_IMPORT_VISIBILITY = YES;
				SWIFT_VERSION = 5.0;
				TARGETED_DEVICE_FAMILY = "1,2,7";
				TEST_TARGET_NAME = VoiceMiniCog;
				XROS_DEPLOYMENT_TARGET = 26.2;
			};
			name = Release;
		};
/* End XCBuildConfiguration section */

/* Begin XCConfigurationList section */
		9246E51E2F6390E700743FA8 /* Build configuration list for PBXProject "VoiceMiniCog" */ = {
			isa = XCConfigurationList;
			buildConfigurations = (
				9246E5422F6390E900743FA8 /* Debug */,
				9246E5432F6390E900743FA8 /* Release */,
			);
			defaultConfigurationIsVisible = 0;
			defaultConfigurationName = Release;
		};
		9246E5442F6390E900743FA8 /* Build configuration list for PBXNativeTarget "VoiceMiniCog" */ = {
			isa = XCConfigurationList;
			buildConfigurations = (
				9246E5452F6390E900743FA8 /* Debug */,
				9246E5462F6390E900743FA8 /* Release */,
			);
			defaultConfigurationIsVisible = 0;
			defaultConfigurationName = Release;
		};
		9246E5472F6390E900743FA8 /* Build configuration list for PBXNativeTarget "VoiceMiniCogTests" */ = {
			isa = XCConfigurationList;
			buildConfigurations = (
				9246E5482F6390E900743FA8 /* Debug */,
				9246E5492F6390E900743FA8 /* Release */,
			);
			defaultConfigurationIsVisible = 0;
			defaultConfigurationName = Release;
		};
		9246E54A2F6390E900743FA8 /* Build configuration list for PBXNativeTarget "VoiceMiniCogUITests" */ = {
			isa = XCConfigurationList;
			buildConfigurations = (
				9246E54B2F6390E900743FA8 /* Debug */,
				9246E54C2F6390E900743FA8 /* Release */,
			);
			defaultConfigurationIsVisible = 0;
			defaultConfigurationName = Release;
		};
/* End XCConfigurationList section */
	};
	rootObject = 9246E51B2F6390E700743FA8 /* Project object */;
}
