// !$*UTF8*$!
{
	archiveVersion = 1;
	classes = {
	};
	objectVersion = 77;
	objects = {

/* Begin PBXBuildFile section */
		9246E5EE2F63A68D00743FA8 /* VoiceMiniCogResult.swift in Sources */ = {isa = PBXBuildFile; fileRef = 9246E5D82F63A68D00743FA8 /* VoiceMiniCogResult.swift */; };
		9246E5F02F63A68D00743FA8 /* MercyColors.swift in Sources */ = {isa = PBXBuildFile; fileRef = 9246E5DF2F63A68D00743FA8 /* MercyColors.swift */; };
		9246E5F12F63A68D00743FA8 /* ContentView.swift in Sources */ = {isa = PBXBuildFile; fileRef = 9246E5EA2F63A68D00743FA8 /* ContentView.swift */; };
		9246E5F22F63A68D00743FA8 /* ClockScoringView.swift in Sources */ = {isa = PBXBuildFile; fileRef = 9246E5E32F63A68D00743FA8 /* ClockScoringView.swift */; };
		9246E5F32F63A68D00743FA8 /* VoiceMiniCogApp.swift in Sources */ = {isa = PBXBuildFile; fileRef = 9246E5EB2F63A68D00743FA8 /* VoiceMiniCogApp.swift */; };
		9246E5F42F63A68D00743FA8 /* Phase.swift in Sources */ = {isa = PBXBuildFile; fileRef = 9246E5D72F63A68D00743FA8 /* Phase.swift */; };
		9246E5F62F63A68D00743FA8 /* APIClient.swift in Sources */ = {isa = PBXBuildFile; fileRef = 9246E5DA2F63A68D00743FA8 /* APIClient.swift */; };
		9246E5F72F63A68D00743FA8 /* AssessmentState.swift in Sources */ = {isa = PBXBuildFile; fileRef = 9246E5D42F63A68D00743FA8 /* AssessmentState.swift */; };
		9246E5F92F63A68D00743FA8 /* ResponseCheckers.swift in Sources */ = {isa = PBXBuildFile; fileRef = 9246E5DC2F63A68D00743FA8 /* ResponseCheckers.swift */; };
		9246E5FA2F63A68D00743FA8 /* APIModels.swift in Sources */ = {isa = PBXBuildFile; fileRef = 9246E5D32F63A68D00743FA8 /* APIModels.swift */; };
		9246E5FB2F63A68D00743FA8 /* CompositeRisk.swift in Sources */ = {isa = PBXBuildFile; fileRef = 9246E5D62F63A68D00743FA8 /* CompositeRisk.swift */; };
		9246E5FC2F63A68D00743FA8 /* ClockDrawingView.swift in Sources */ = {isa = PBXBuildFile; fileRef = 9246E5E22F63A68D00743FA8 /* ClockDrawingView.swift */; };
		9246E5FD2F63A68D00743FA8 /* AD8Models.swift in Sources */ = {isa = PBXBuildFile; fileRef = 9246E5D22F63A68D00743FA8 /* AD8Models.swift */; };
		9246E5FE2F63A68D00743FA8 /* HomeView.swift in Sources */ = {isa = PBXBuildFile; fileRef = 9246E5E42F63A68D00743FA8 /* HomeView.swift */; };
		9246E5FF2F63A68D00743FA8 /* ClockAnalysis.swift in Sources */ = {isa = PBXBuildFile; fileRef = 9246E5D52F63A68D00743FA8 /* ClockAnalysis.swift */; };
		9246E6002F63A68D00743FA8 /* SpeechService.swift in Sources */ = {isa = PBXBuildFile; fileRef = 9246E5DD2F63A68D00743FA8 /* SpeechService.swift */; };
		9246E6112F63EB0200743FA8 /* CDTOnDeviceScorer.swift in Sources */ = {isa = PBXBuildFile; fileRef = 9246E6042F63EB0200743FA8 /* CDTOnDeviceScorer.swift */; };
		9246E6192F63EB0200743FA8 /* AD8ViewModel.swift in Sources */ = {isa = PBXBuildFile; fileRef = 9246E6182F63EB0200743FA8 /* AD8ViewModel.swift */; };
		9246E61B2F63EB0200743FA8 /* AD8QuestionView.swift in Sources */ = {isa = PBXBuildFile; fileRef = 9246E61A2F63EB0200743FA8 /* AD8QuestionView.swift */; };
		9246E61D2F63EB0200743FA8 /* AD8IntroView.swift in Sources */ = {isa = PBXBuildFile; fileRef = 9246E61C2F63EB0200743FA8 /* AD8IntroView.swift */; };
		9246E61F2F63EB0200743FA8 /* AD8CompleteView.swift in Sources */ = {isa = PBXBuildFile; fileRef = 9246E61E2F63EB0200743FA8 /* AD8CompleteView.swift */; };
		9246E6A02F63A68D00743FA8 /* Assets.xcassets in Resources */ = {isa = PBXBuildFile; fileRef = 9246E5E92F63A68D00743FA8 /* Assets.xcassets */; };
		9246E6B42F63A68D00743FA8 /* VoiceServiceProtocol.swift in Sources */ = {isa = PBXBuildFile; fileRef = 9246E6B52F63A68D00743FA8 /* VoiceServiceProtocol.swift */; };
		9246E6D22F63A68D00743FA8 /* QDRSModels.swift in Sources */ = {isa = PBXBuildFile; fileRef = 9246E6D12F63A68D00743FA8 /* QDRSModels.swift */; };
		9246E6E42F63A68D00743FA8 /* AvatarView.swift in Sources */ = {isa = PBXBuildFile; fileRef = 9246E6E32F63A68D00743FA8 /* AvatarView.swift */; };
		9246E6E62F63A68D00743FA8 /* MiniCogLiveView.swift in Sources */ = {isa = PBXBuildFile; fileRef = 9246E6E52F63A68D00743FA8 /* MiniCogLiveView.swift */; };
		9246E6F02F63A68D00743FA8 /* QDRSView.swift in Sources */ = {isa = PBXBuildFile; fileRef = 9246E6EF2F63A68D00743FA8 /* QDRSView.swift */; };
		9246E6F22F63A68D00743FA8 /* MiniCogIntroView.swift in Sources */ = {isa = PBXBuildFile; fileRef = 9246E6F12F63A68D00743FA8 /* MiniCogIntroView.swift */; };
		AA0000010000000100000001 /* PersonaPlexService.swift in Sources */ = {isa = PBXBuildFile; fileRef = AA0000010000000100000002 /* PersonaPlexService.swift */; };
		AA0000010000000100000003 /* AudioLipSync.swift in Sources */ = {isa = PBXBuildFile; fileRef = AA0000010000000100000004 /* AudioLipSync.swift */; };
		BB0000000000000000000001 /* QmciModels.swift in Sources */ = {isa = PBXBuildFile; fileRef = BB0000000000000000000002 /* QmciModels.swift */; };
		BB0000000000000000000003 /* PHQ2Models.swift in Sources */ = {isa = PBXBuildFile; fileRef = BB0000000000000000000004 /* PHQ2Models.swift */; };
		BB0000000000000000000005 /* AntiAmyloidTriage.swift in Sources */ = {isa = PBXBuildFile; fileRef = BB0000000000000000000006 /* AntiAmyloidTriage.swift */; };
		BB0000000000000000000007 /* ReversibleCauseWorkup.swift in Sources */ = {isa = PBXBuildFile; fileRef = BB0000000000000000000008 /* ReversibleCauseWorkup.swift */; };
		CC0000000000000000000001 /* PHQ2View.swift in Sources */ = {isa = PBXBuildFile; fileRef = CC0000000000000000000002 /* PHQ2View.swift */; };
		CC0000000000000000000003 /* OrientationView.swift in Sources */ = {isa = PBXBuildFile; fileRef = CC0000000000000000000004 /* OrientationView.swift */; };
		CC0000000000000000000005 /* VerbalFluencyView.swift in Sources */ = {isa = PBXBuildFile; fileRef = CC0000000000000000000006 /* VerbalFluencyView.swift */; };
		CC0000000000000000000007 /* LogicalMemoryView.swift in Sources */ = {isa = PBXBuildFile; fileRef = CC0000000000000000000008 /* LogicalMemoryView.swift */; };
		CC0000000000000000000009 /* PCPReportView.swift in Sources */ = {isa = PBXBuildFile; fileRef = CC000000000000000000000A /* PCPReportView.swift */; };
		DD000000000000000000000B /* DesignSystem.swift in Sources */ = {isa = PBXBuildFile; fileRef = DD000000000000000000000C /* DesignSystem.swift */; };
		DD000000000000000000000D /* MCComponents.swift in Sources */ = {isa = PBXBuildFile; fileRef = DD000000000000000000000E /* MCComponents.swift */; };
		EE0000000000000000000001 /* QmciAssessmentView.swift in Sources */ = {isa = PBXBuildFile; fileRef = EE0000000000000000000002 /* QmciAssessmentView.swift */; };
		EE0000000000000000000003 /* SpeechListenerView.swift in Sources */ = {isa = PBXBuildFile; fileRef = EE0000000000000000000004 /* SpeechListenerView.swift */; };
		F10000000000000000000021 /* AssessmentProtocolModels.swift in Sources */ = {isa = PBXBuildFile; fileRef = F10000000000000000000001 /* AssessmentProtocolModels.swift */; };
		F10000000000000000000022 /* AvatarTransportModels.swift in Sources */ = {isa = PBXBuildFile; fileRef = F10000000000000000000002 /* AvatarTransportModels.swift */; };
		F10000000000000000000023 /* AuditLogger.swift in Sources */ = {isa = PBXBuildFile; fileRef = F10000000000000000000003 /* AuditLogger.swift */; };
		F10000000000000000000024 /* ScriptClipPlayer.swift in Sources */ = {isa = PBXBuildFile; fileRef = F10000000000000000000004 /* ScriptClipPlayer.swift */; };
		F10000000000000000000025 /* PersonaBridge.swift in Sources */ = {isa = PBXBuildFile; fileRef = F10000000000000000000005 /* PersonaBridge.swift */; };
		F10000000000000000000026 /* AudioArbitrator.swift in Sources */ = {isa = PBXBuildFile; fileRef = F10000000000000000000006 /* AudioArbitrator.swift */; };
		F10000000000000000000027 /* ProtocolOrchestrator.swift in Sources */ = {isa = PBXBuildFile; fileRef = F10000000000000000000007 /* ProtocolOrchestrator.swift */; };
		F10000000000000000000028 /* ScriptedClipManifest.json in Resources */ = {isa = PBXBuildFile; fileRef = F10000000000000000000008 /* ScriptedClipManifest.json */; };
/* End PBXBuildFile section */

/* Begin PBXContainerItemProxy section */
		9246E5312F6390E900743FA8 /* PBXContainerItemProxy */ = {
			isa = PBXContainerItemProxy;
			containerPortal = 9246E51B2F6390E700743FA8 /* Project object */;
			proxyType = 1;
			remoteGlobalIDString = 9246E5222F6390E700743FA8;
			remoteInfo = VoiceMiniCog;
		};
		9246E53B2F6390E900743FA8 /* PBXContainerItemProxy */ = {
			isa = PBXContainerItemProxy;
			containerPortal = 9246E51B2F6390E700743FA8 /* Project object */;
			proxyType = 1;
			remoteGlobalIDString = 9246E5222F6390E700743FA8;
			remoteInfo = VoiceMiniCog;
		};
/* End PBXContainerItemProxy section */

/* Begin PBXFileReference section */
		9246E5232F6390E700743FA8 /* VoiceMiniCog.app */ = {isa = PBXFileReference; explicitFileType = wrapper.application; includeInIndex = 0; path = VoiceMiniCog.app; sourceTree = BUILT_PRODUCTS_DIR; };
		9246E5302F6390E900743FA8 /* VoiceMiniCogTests.xctest */ = {isa = PBXFileReference; explicitFileType = wrapper.cfbundle; includeInIndex = 0; path = VoiceMiniCogTests.xctest; sourceTree = BUILT_PRODUCTS_DIR; };
		9246E53A2F6390E900743FA8 /* VoiceMiniCogUITests.xctest */ = {isa = PBXFileReference; explicitFileType = wrapper.cfbundle; includeInIndex = 0; path = VoiceMiniCogUITests.xctest; sourceTree = BUILT_PRODUCTS_DIR; };
		9246E5D22F63A68D00743FA8 /* AD8Models.swift */ = {isa = PBXFileReference; lastKnownFileType = sourcecode.swift; path = AD8Models.swift; sourceTree = "<group>"; };
		9246E5D32F63A68D00743FA8 /* APIModels.swift */ = {isa = PBXFileReference; lastKnownFileType = sourcecode.swift; path = APIModels.swift; sourceTree = "<group>"; };
		9246E5D42F63A68D00743FA8 /* AssessmentState.swift */ = {isa = PBXFileReference; lastKnownFileType = sourcecode.swift; path = AssessmentState.swift; sourceTree = "<group>"; };
		9246E5D52F63A68D00743FA8 /* ClockAnalysis.swift */ = {isa = PBXFileReference; lastKnownFileType = sourcecode.swift; path = ClockAnalysis.swift; sourceTree = "<group>"; };
		9246E5D62F63A68D00743FA8 /* CompositeRisk.swift */ = {isa = PBXFileReference; lastKnownFileType = sourcecode.swift; path = CompositeRisk.swift; sourceTree = "<group>"; };
		9246E5D72F63A68D00743FA8 /* Phase.swift */ = {isa = PBXFileReference; lastKnownFileType = sourcecode.swift; path = Phase.swift; sourceTree = "<group>"; };
		9246E5D82F63A68D00743FA8 /* VoiceMiniCogResult.swift */ = {isa = PBXFileReference; lastKnownFileType = sourcecode.swift; path = VoiceMiniCogResult.swift; sourceTree = "<group>"; };
		9246E5DA2F63A68D00743FA8 /* APIClient.swift */ = {isa = PBXFileReference; lastKnownFileType = sourcecode.swift; path = APIClient.swift; sourceTree = "<group>"; };
		9246E5DC2F63A68D00743FA8 /* ResponseCheckers.swift */ = {isa = PBXFileReference; lastKnownFileType = sourcecode.swift; path = ResponseCheckers.swift; sourceTree = "<group>"; };
		9246E5DD2F63A68D00743FA8 /* SpeechService.swift */ = {isa = PBXFileReference; lastKnownFileType = sourcecode.swift; path = SpeechService.swift; sourceTree = "<group>"; };
		9246E5DF2F63A68D00743FA8 /* MercyColors.swift */ = {isa = PBXFileReference; lastKnownFileType = sourcecode.swift; path = MercyColors.swift; sourceTree = "<group>"; };
		9246E5E12F63A68D00743FA8 /* AssessmentView.swift */ = {isa = PBXFileReference; lastKnownFileType = sourcecode.swift; path = AssessmentView.swift; sourceTree = "<group>"; };
		9246E5E22F63A68D00743FA8 /* ClockDrawingView.swift */ = {isa = PBXFileReference; lastKnownFileType = sourcecode.swift; path = ClockDrawingView.swift; sourceTree = "<group>"; };
		9246E5E32F63A68D00743FA8 /* ClockScoringView.swift */ = {isa = PBXFileReference; lastKnownFileType = sourcecode.swift; path = ClockScoringView.swift; sourceTree = "<group>"; };
		9246E5E42F63A68D00743FA8 /* HomeView.swift */ = {isa = PBXFileReference; lastKnownFileType = sourcecode.swift; path = HomeView.swift; sourceTree = "<group>"; };
		9246E5E52F63A68D00743FA8 /* PhaseView.swift */ = {isa = PBXFileReference; lastKnownFileType = sourcecode.swift; path = PhaseView.swift; sourceTree = "<group>"; };
		9246E5E62F63A68D00743FA8 /* ResultsView.swift */ = {isa = PBXFileReference; lastKnownFileType = sourcecode.swift; path = ResultsView.swift; sourceTree = "<group>"; };
		9246E5E72F63A68D00743FA8 /* SummaryView.swift */ = {isa = PBXFileReference; lastKnownFileType = sourcecode.swift; path = SummaryView.swift; sourceTree = "<group>"; };
		9246E5E92F63A68D00743FA8 /* Assets.xcassets */ = {isa = PBXFileReference; lastKnownFileType = folder.assetcatalog; path = Assets.xcassets; sourceTree = "<group>"; };
		9246E5EA2F63A68D00743FA8 /* ContentView.swift */ = {isa = PBXFileReference; lastKnownFileType = sourcecode.swift; path = ContentView.swift; sourceTree = "<group>"; };
		9246E5EB2F63A68D00743FA8 /* VoiceMiniCogApp.swift */ = {isa = PBXFileReference; lastKnownFileType = sourcecode.swift; path = VoiceMiniCogApp.swift; sourceTree = "<group>"; };
		9246E6042F63EB0200743FA8 /* CDTOnDeviceScorer.swift */ = {isa = PBXFileReference; lastKnownFileType = sourcecode.swift; path = CDTOnDeviceScorer.swift; sourceTree = "<group>"; };
		9246E6182F63EB0200743FA8 /* AD8ViewModel.swift */ = {isa = PBXFileReference; lastKnownFileType = sourcecode.swift; path = AD8ViewModel.swift; sourceTree = "<group>"; };
		9246E61A2F63EB0200743FA8 /* AD8QuestionView.swift */ = {isa = PBXFileReference; lastKnownFileType = sourcecode.swift; path = AD8QuestionView.swift; sourceTree = "<group>"; };
		9246E61C2F63EB0200743FA8 /* AD8IntroView.swift */ = {isa = PBXFileReference; lastKnownFileType = sourcecode.swift; path = AD8IntroView.swift; sourceTree = "<group>"; };
		9246E61E2F63EB0200743FA8 /* AD8CompleteView.swift */ = {isa = PBXFileReference; lastKnownFileType = sourcecode.swift; path = AD8CompleteView.swift; sourceTree = "<group>"; };
		9246E6202F63EB0200743FA8 /* AD8ContainerView.swift */ = {isa = PBXFileReference; lastKnownFileType = sourcecode.swift; path = AD8ContainerView.swift; sourceTree = "<group>"; };
		9246E6B12F63A68D00743FA8 /* MiniCogPhase.swift */ = {isa = PBXFileReference; lastKnownFileType = sourcecode.swift; path = MiniCogPhase.swift; sourceTree = "<group>"; };
		9246E6B32F63A68D00743FA8 /* MiniCogEvent.swift */ = {isa = PBXFileReference; lastKnownFileType = sourcecode.swift; path = MiniCogEvent.swift; sourceTree = "<group>"; };
		9246E6B52F63A68D00743FA8 /* VoiceServiceProtocol.swift */ = {isa = PBXFileReference; lastKnownFileType = sourcecode.swift; path = VoiceServiceProtocol.swift; sourceTree = "<group>"; };
		9246E6B72F63A68D00743FA8 /* LoggingService.swift */ = {isa = PBXFileReference; lastKnownFileType = sourcecode.swift; path = LoggingService.swift; sourceTree = "<group>"; };
		9246E6B92F63A68D00743FA8 /* MiniCogView.swift */ = {isa = PBXFileReference; lastKnownFileType = sourcecode.swift; path = MiniCogView.swift; sourceTree = "<group>"; };
		9246E6C02F63A68D00743FA8 /* ClosedLoopSessionController.swift */ = {isa = PBXFileReference; lastKnownFileType = sourcecode.swift; path = ClosedLoopSessionController.swift; sourceTree = "<group>"; };
		9246E6D12F63A68D00743FA8 /* QDRSModels.swift */ = {isa = PBXFileReference; lastKnownFileType = sourcecode.swift; path = QDRSModels.swift; sourceTree = "<group>"; };
		9246E6E12F63A68D00743FA8 /* AvatarStreamService.swift.disabled */ = {isa = PBXFileReference; lastKnownFileType = text; path = AvatarStreamService.swift.disabled; sourceTree = "<group>"; };
		9246E6E32F63A68D00743FA8 /* AvatarView.swift */ = {isa = PBXFileReference; lastKnownFileType = sourcecode.swift; path = AvatarView.swift; sourceTree = "<group>"; };
		9246E6E52F63A68D00743FA8 /* MiniCogLiveView.swift */ = {isa = PBXFileReference; lastKnownFileType = sourcecode.swift; path = MiniCogLiveView.swift; sourceTree = "<group>"; };
		9246E6EF2F63A68D00743FA8 /* QDRSView.swift */ = {isa = PBXFileReference; lastKnownFileType = sourcecode.swift; path = QDRSView.swift; sourceTree = "<group>"; };
		9246E6F12F63A68D00743FA8 /* MiniCogIntroView.swift */ = {isa = PBXFileReference; lastKnownFileType = sourcecode.swift; path = MiniCogIntroView.swift; sourceTree = "<group>"; };
		AA0000010000000100000002 /* PersonaPlexService.swift */ = {isa = PBXFileReference; lastKnownFileType = sourcecode.swift; path = PersonaPlexService.swift; sourceTree = "<group>"; };
		AA0000010000000100000004 /* AudioLipSync.swift */ = {isa = PBXFileReference; lastKnownFileType = sourcecode.swift; path = AudioLipSync.swift; sourceTree = "<group>"; };
		BB0000000000000000000002 /* QmciModels.swift */ = {isa = PBXFileReference; lastKnownFileType = sourcecode.swift; path = QmciModels.swift; sourceTree = "<group>"; };
		BB0000000000000000000004 /* PHQ2Models.swift */ = {isa = PBXFileReference; lastKnownFileType = sourcecode.swift; path = PHQ2Models.swift; sourceTree = "<group>"; };
		BB0000000000000000000006 /* AntiAmyloidTriage.swift */ = {isa = PBXFileReference; lastKnownFileType = sourcecode.swift; path = AntiAmyloidTriage.swift; sourceTree = "<group>"; };
		BB0000000000000000000008 /* ReversibleCauseWorkup.swift */ = {isa = PBXFileReference; lastKnownFileType = sourcecode.swift; path = ReversibleCauseWorkup.swift; sourceTree = "<group>"; };
		CC0000000000000000000002 /* PHQ2View.swift */ = {isa = PBXFileReference; lastKnownFileType = sourcecode.swift; path = PHQ2View.swift; sourceTree = "<group>"; };
		CC0000000000000000000004 /* OrientationView.swift */ = {isa = PBXFileReference; lastKnownFileType = sourcecode.swift; path = OrientationView.swift; sourceTree = "<group>"; };
		CC0000000000000000000006 /* VerbalFluencyView.swift */ = {isa = PBXFileReference; lastKnownFileType = sourcecode.swift; path = VerbalFluencyView.swift; sourceTree = "<group>"; };
		CC0000000000000000000008 /* LogicalMemoryView.swift */ = {isa = PBXFileReference; lastKnownFileType = sourcecode.swift; path = LogicalMemoryView.swift; sourceTree = "<group>"; };
		CC000000000000000000000A /* PCPReportView.swift */ = {isa = PBXFileReference; lastKnownFileType = sourcecode.swift; path = PCPReportView.swift; sourceTree = "<group>"; };
		DD000000000000000000000C /* DesignSystem.swift */ = {isa = PBXFileReference; lastKnownFileType = sourcecode.swift; path = DesignSystem.swift; sourceTree = "<group>"; };
		DD000000000000000000000E /* MCComponents.swift */ = {isa = PBXFileReference; lastKnownFileType = sourcecode.swift; path = MCComponents.swift; sourceTree = "<group>"; };
		EE0000000000000000000002 /* QmciAssessmentView.swift */ = {isa = PBXFileReference; lastKnownFileType = sourcecode.swift; path = QmciAssessmentView.swift; sourceTree = "<group>"; };
		EE0000000000000000000004 /* SpeechListenerView.swift */ = {isa = PBXFileReference; lastKnownFileType = sourcecode.swift; path = SpeechListenerView.swift; sourceTree = "<group>"; };
		F10000000000000000000001 /* AssessmentProtocolModels.swift */ = {isa = PBXFileReference; lastKnownFileType = sourcecode.swift; path = AssessmentProtocolModels.swift; sourceTree = "<group>"; };
		F10000000000000000000002 /* AvatarTransportModels.swift */ = {isa = PBXFileReference; lastKnownFileType = sourcecode.swift; path = AvatarTransportModels.swift; sourceTree = "<group>"; };
		F10000000000000000000003 /* AuditLogger.swift */ = {isa = PBXFileReference; lastKnownFileType = sourcecode.swift; path = AuditLogger.swift; sourceTree = "<group>"; };
		F10000000000000000000004 /* ScriptClipPlayer.swift */ = {isa = PBXFileReference; lastKnownFileType = sourcecode.swift; path = ScriptClipPlayer.swift; sourceTree = "<group>"; };
		F10000000000000000000005 /* PersonaBridge.swift */ = {isa = PBXFileReference; lastKnownFileType = sourcecode.swift; path = PersonaBridge.swift; sourceTree = "<group>"; };
		F10000000000000000000006 /* AudioArbitrator.swift */ = {isa = PBXFileReference; lastKnownFileType = sourcecode.swift; path = AudioArbitrator.swift; sourceTree = "<group>"; };
		F10000000000000000000007 /* ProtocolOrchestrator.swift */ = {isa = PBXFileReference; lastKnownFileType = sourcecode.swift; path = ProtocolOrchestrator.swift; sourceTree = "<group>"; };
		F10000000000000000000008 /* ScriptedClipManifest.json */ = {isa = PBXFileReference; lastKnownFileType = text.json; path = ScriptedClipManifest.json; sourceTree = "<group>"; };
/* End PBXFileReference section */

/* Begin PBXFileSystemSynchronizedRootGroup section */
		9246E5332F6390E900743FA8 /* VoiceMiniCogTests */ = {
			isa = PBXFileSystemSynchronizedRootGroup;
			path = VoiceMiniCogTests;
			sourceTree = "<group>";
		};
		9246E53D2F6390E900743FA8 /* VoiceMiniCogUITests */ = {
			isa = PBXFileSystemSynchronizedRootGroup;
			path = VoiceMiniCogUITests;
			sourceTree = "<group>";
		};
/* End PBXFileSystemSynchronizedRootGroup section */

/* Begin PBXFrameworksBuildPhase section */
		9246E5202F6390E700743FA8 /* Frameworks */ = {
			isa = PBXFrameworksBuildPhase;
			buildActionMask = 2147483647;
			files = (
			);
			runOnlyForDeploymentPostprocessing = 0;
		};
		9246E52D2F6390E900743FA8 /* Frameworks */ = {
			isa = PBXFrameworksBuildPhase;
			buildActionMask = 2147483647;
			files = (
			);
			runOnlyForDeploymentPostprocessing = 0;
		};
		9246E5372F6390E900743FA8 /* Frameworks */ = {
			isa = PBXFrameworksBuildPhase;
			buildActionMask = 2147483647;
			files = (
			);
			runOnlyForDeploymentPostprocessing = 0;
		};
/* End PBXFrameworksBuildPhase section */

/* Begin PBXGroup section */
		9246E51A2F6390E700743FA8 = {
			isa = PBXGroup;
			children = (
				9246E5EC2F63A68D00743FA8 /* VoiceMiniCog */,
				9246E5332F6390E900743FA8 /* VoiceMiniCogTests */,
				9246E53D2F6390E900743FA8 /* VoiceMiniCogUITests */,
				9246E5242F6390E700743FA8 /* Products */,
			);
			sourceTree = "<group>";
		};
		9246E5242F6390E700743FA8 /* Products */ = {
			isa = PBXGroup;
			children = (
				9246E5232F6390E700743FA8 /* VoiceMiniCog.app */,
				9246E5302F6390E900743FA8 /* VoiceMiniCogTests.xctest */,
				9246E53A2F6390E900743FA8 /* VoiceMiniCogUITests.xctest */,
			);
			name = Products;
			sourceTree = "<group>";
		};
		9246E5D92F63A68D00743FA8 /* Models */ = {
			isa = PBXGroup;
			children = (
				9246E5D22F63A68D00743FA8 /* AD8Models.swift */,
				9246E5D32F63A68D00743FA8 /* APIModels.swift */,
				F10000000000000000000001 /* AssessmentProtocolModels.swift */,
				9246E5D42F63A68D00743FA8 /* AssessmentState.swift */,
				9246E5D52F63A68D00743FA8 /* ClockAnalysis.swift */,
				9246E5D62F63A68D00743FA8 /* CompositeRisk.swift */,
				9246E6B32F63A68D00743FA8 /* MiniCogEvent.swift */,
				9246E6B12F63A68D00743FA8 /* MiniCogPhase.swift */,
				9246E5D72F63A68D00743FA8 /* Phase.swift */,
				9246E6D12F63A68D00743FA8 /* QDRSModels.swift */,
				9246E5D82F63A68D00743FA8 /* VoiceMiniCogResult.swift */,
				BB0000000000000000000002 /* QmciModels.swift */,
				BB0000000000000000000004 /* PHQ2Models.swift */,
				BB0000000000000000000006 /* AntiAmyloidTriage.swift */,
				BB0000000000000000000008 /* ReversibleCauseWorkup.swift */,
			);
			path = Models;
			sourceTree = "<group>";
		};
		9246E5DE2F63A68D00743FA8 /* Services */ = {
			isa = PBXGroup;
			children = (
				9246E5DA2F63A68D00743FA8 /* APIClient.swift */,
				F10000000000000000000006 /* AudioArbitrator.swift */,
				F10000000000000000000002 /* AvatarTransportModels.swift */,
				F10000000000000000000003 /* AuditLogger.swift */,
				9246E6B72F63A68D00743FA8 /* LoggingService.swift */,
				9246E6C02F63A68D00743FA8 /* ClosedLoopSessionController.swift */,
				9246E6E12F63A68D00743FA8 /* AvatarStreamService.swift.disabled */,
				AA0000010000000100000002 /* PersonaPlexService.swift */,
				F10000000000000000000005 /* PersonaBridge.swift */,
				F10000000000000000000007 /* ProtocolOrchestrator.swift */,
				AA0000010000000100000004 /* AudioLipSync.swift */,
				9246E5DC2F63A68D00743FA8 /* ResponseCheckers.swift */,
				F10000000000000000000004 /* ScriptClipPlayer.swift */,
				9246E5DD2F63A68D00743FA8 /* SpeechService.swift */,
				9246E6B52F63A68D00743FA8 /* VoiceServiceProtocol.swift */,
				9246E6042F63EB0200743FA8 /* CDTOnDeviceScorer.swift */,
			);
			path = Services;
			sourceTree = "<group>";
		};
		F10000000000000000000009 /* Resources */ = {
			isa = PBXGroup;
			children = (
				F10000000000000000000008 /* ScriptedClipManifest.json */,
			);
			path = Resources;
			sourceTree = "<group>";
		};
		9246E5E02F63A68D00743FA8 /* Theme */ = {
			isa = PBXGroup;
			children = (
				9246E5DF2F63A68D00743FA8 /* MercyColors.swift */,
				DD000000000000000000000C /* DesignSystem.swift */,
				DD000000000000000000000E /* MCComponents.swift */,
			);
			path = Theme;
			sourceTree = "<group>";
		};
		9246E5E82F63A68D00743FA8 /* Views */ = {
			isa = PBXGroup;
			children = (
				9246E6172F63EB0200743FA8 /* AD8 */,
				9246E5E12F63A68D00743FA8 /* AssessmentView.swift */,
				9246E5E22F63A68D00743FA8 /* ClockDrawingView.swift */,
				9246E5E32F63A68D00743FA8 /* ClockScoringView.swift */,
				9246E5E42F63A68D00743FA8 /* HomeView.swift */,
				9246E6B92F63A68D00743FA8 /* MiniCogView.swift */,
				9246E6F12F63A68D00743FA8 /* MiniCogIntroView.swift */,
				9246E6E52F63A68D00743FA8 /* MiniCogLiveView.swift */,
				CC0000000000000000000002 /* PHQ2View.swift */,
				CC0000000000000000000004 /* OrientationView.swift */,
				CC0000000000000000000006 /* VerbalFluencyView.swift */,
				CC0000000000000000000008 /* LogicalMemoryView.swift */,
				CC000000000000000000000A /* PCPReportView.swift */,
				EE0000000000000000000002 /* QmciAssessmentView.swift */,
				EE0000000000000000000004 /* SpeechListenerView.swift */,
				9246E5E52F63A68D00743FA8 /* PhaseView.swift */,
				9246E6EF2F63A68D00743FA8 /* QDRSView.swift */,
				9246E6E32F63A68D00743FA8 /* AvatarView.swift */,
				9246E5E62F63A68D00743FA8 /* ResultsView.swift */,
				9246E5E72F63A68D00743FA8 /* SummaryView.swift */,
			);
			path = Views;
			sourceTree = "<group>";
		};
		9246E6172F63EB0200743FA8 /* AD8 */ = {
			isa = PBXGroup;
			children = (
				9246E61C2F63EB0200743FA8 /* AD8IntroView.swift */,
				9246E61A2F63EB0200743FA8 /* AD8QuestionView.swift */,
				9246E61E2F63EB0200743FA8 /* AD8CompleteView.swift */,
				9246E6202F63EB0200743FA8 /* AD8ContainerView.swift */,
			);
			path = AD8;
			sourceTree = "<group>";
		};
		9246E6162F63EB0200743FA8 /* ViewModels */ = {
			isa = PBXGroup;
			children = (
				9246E6182F63EB0200743FA8 /* AD8ViewModel.swift */,
			);
			path = ViewModels;
			sourceTree = "<group>";
		};
		9246E5EC2F63A68D00743FA8 /* VoiceMiniCog */ = {
			isa = PBXGroup;
			children = (
				9246E5D92F63A68D00743FA8 /* Models */,
				F10000000000000000000009 /* Resources */,
				9246E5DE2F63A68D00743FA8 /* Services */,
				9246E5E02F63A68D00743FA8 /* Theme */,
				9246E6162F63EB0200743FA8 /* ViewModels */,
				9246E5E82F63A68D00743FA8 /* Views */,
				9246E5E92F63A68D00743FA8 /* Assets.xcassets */,
				9246E5EA2F63A68D00743FA8 /* ContentView.swift */,
				9246E5EB2F63A68D00743FA8 /* VoiceMiniCogApp.swift */,
			);
			path = VoiceMiniCog;
			sourceTree = "<group>";
		};
/* End PBXGroup section */

/* Begin PBXNativeTarget section */
		9246E5222F6390E700743FA8 /* VoiceMiniCog */ = {
			isa = PBXNativeTarget;
			buildConfigurationList = 9246E5442F6390E900743FA8 /* Build configuration list for PBXNativeTarget "VoiceMiniCog" */;
			buildPhases = (
				9246E51F2F6390E700743FA8 /* Sources */,
				9246E5202F6390E700743FA8 /* Frameworks */,
				9246E5212F6390E700743FA8 /* Resources */,
			);
			buildRules = (
			);
			dependencies = (
			);
			name = VoiceMiniCog;
			packageProductDependencies = (
			);
			productName = VoiceMiniCog;
			productReference = 9246E5232F6390E700743FA8 /* VoiceMiniCog.app */;
			productType = "com.apple.product-type.application";
		};
		9246E52F2F6390E900743FA8 /* VoiceMiniCogTests */ = {
			isa = PBXNativeTarget;
			buildConfigurationList = 9246E5472F6390E900743FA8 /* Build configuration list for PBXNativeTarget "VoiceMiniCogTests" */;
			buildPhases = (
				9246E52C2F6390E900743FA8 /* Sources */,
				9246E52D2F6390E900743FA8 /* Frameworks */,
				9246E52E2F6390E900743FA8 /* Resources */,
			);
			buildRules = (
			);
			dependencies = (
				9246E5322F6390E900743FA8 /* PBXTargetDependency */,
			);
			fileSystemSynchronizedGroups = (
				9246E5332F6390E900743FA8 /* VoiceMiniCogTests */,
			);
			name = VoiceMiniCogTests;
			packageProductDependencies = (
			);
			productName = VoiceMiniCogTests;
			productReference = 9246E5302F6390E900743FA8 /* VoiceMiniCogTests.xctest */;
			productType = "com.apple.product-type.bundle.unit-test";
		};
		9246E5392F6390E900743FA8 /* VoiceMiniCogUITests */ = {
			isa = PBXNativeTarget;
			buildConfigurationList = 9246E54A2F6390E900743FA8 /* Build configuration list for PBXNativeTarget "VoiceMiniCogUITests" */;
			buildPhases = (
				9246E5362F6390E900743FA8 /* Sources */,
				9246E5372F6390E900743FA8 /* Frameworks */,
				9246E5382F6390E900743FA8 /* Resources */,
			);
			buildRules = (
			);
			dependencies = (
				9246E53C2F6390E900743FA8 /* PBXTargetDependency */,
			);
			fileSystemSynchronizedGroups = (
				9246E53D2F6390E900743FA8 /* VoiceMiniCogUITests */,
			);
			name = VoiceMiniCogUITests;
			packageProductDependencies = (
			);
			productName = VoiceMiniCogUITests;
			productReference = 9246E53A2F6390E900743FA8 /* VoiceMiniCogUITests.xctest */;
			productType = "com.apple.product-type.bundle.ui-testing";
		};
/* End PBXNativeTarget section */

/* Begin PBXProject section */
		9246E51B2F6390E700743FA8 /* Project object */ = {
			isa = PBXProject;
			attributes = {
				BuildIndependentTargetsInParallel = 1;
				LastSwiftUpdateCheck = 2620;
				LastUpgradeCheck = 2620;
				TargetAttributes = {
					9246E5222F6390E700743FA8 = {
						CreatedOnToolsVersion = 26.2;
					};
					9246E52F2F6390E900743FA8 = {
						CreatedOnToolsVersion = 26.2;
						TestTargetID = 9246E5222F6390E700743FA8;
					};
					9246E5392F6390E900743FA8 = {
						CreatedOnToolsVersion = 26.2;
						TestTargetID = 9246E5222F6390E700743FA8;
					};
				};
			};
			buildConfigurationList = 9246E51E2F6390E700743FA8 /* Build configuration list for PBXProject "VoiceMiniCog" */;
			developmentRegion = en;
			hasScannedForEncodings = 0;
			knownRegions = (
				en,
				Base,
			);
			mainGroup = 9246E51A2F6390E700743FA8;
			minimizedProjectReferenceProxies = 1;
			preferredProjectObjectVersion = 77;
			productRefGroup = 9246E5242F6390E700743FA8 /* Products */;
			projectDirPath = "";
			projectRoot = "";
			targets = (
				9246E5222F6390E700743FA8 /* VoiceMiniCog */,
				9246E52F2F6390E900743FA8 /* VoiceMiniCogTests */,
				9246E5392F6390E900743FA8 /* VoiceMiniCogUITests */,
			);
		};
/* End PBXProject section */

/* Begin PBXResourcesBuildPhase section */
		9246E5212F6390E700743FA8 /* Resources */ = {
			isa = PBXResourcesBuildPhase;
			buildActionMask = 2147483647;
			files = (
				9246E6A02F63A68D00743FA8 /* Assets.xcassets in Resources */,
				F10000000000000000000028 /* ScriptedClipManifest.json in Resources */,
			);
			runOnlyForDeploymentPostprocessing = 0;
		};
		9246E52E2F6390E900743FA8 /* Resources */ = {
			isa = PBXResourcesBuildPhase;
			buildActionMask = 2147483647;
			files = (
			);
			runOnlyForDeploymentPostprocessing = 0;
		};
		9246E5382F6390E900743FA8 /* Resources */ = {
			isa = PBXResourcesBuildPhase;
			buildActionMask = 2147483647;
			files = (
			);
			runOnlyForDeploymentPostprocessing = 0;
		};
/* End PBXResourcesBuildPhase section */

/* Begin PBXSourcesBuildPhase section */
		9246E51F2F6390E700743FA8 /* Sources */ = {
			isa = PBXSourcesBuildPhase;
			buildActionMask = 2147483647;
			files = (
				9246E5EE2F63A68D00743FA8 /* VoiceMiniCogResult.swift in Sources */,
				9246E5F02F63A68D00743FA8 /* MercyColors.swift in Sources */,
				DD000000000000000000000B /* DesignSystem.swift in Sources */,
				DD000000000000000000000D /* MCComponents.swift in Sources */,
				9246E6112F63EB0200743FA8 /* CDTOnDeviceScorer.swift in Sources */,
				9246E5F12F63A68D00743FA8 /* ContentView.swift in Sources */,
				9246E5F22F63A68D00743FA8 /* ClockScoringView.swift in Sources */,
				9246E5F32F63A68D00743FA8 /* VoiceMiniCogApp.swift in Sources */,
				9246E5F42F63A68D00743FA8 /* Phase.swift in Sources */,
				9246E5F62F63A68D00743FA8 /* APIClient.swift in Sources */,
				9246E5F72F63A68D00743FA8 /* AssessmentState.swift in Sources */,
				9246E5F92F63A68D00743FA8 /* ResponseCheckers.swift in Sources */,
				9246E5FA2F63A68D00743FA8 /* APIModels.swift in Sources */,
				9246E5FB2F63A68D00743FA8 /* CompositeRisk.swift in Sources */,
				9246E5FC2F63A68D00743FA8 /* ClockDrawingView.swift in Sources */,
				9246E5FD2F63A68D00743FA8 /* AD8Models.swift in Sources */,
				9246E5FE2F63A68D00743FA8 /* HomeView.swift in Sources */,
				9246E5FF2F63A68D00743FA8 /* ClockAnalysis.swift in Sources */,
				9246E6002F63A68D00743FA8 /* SpeechService.swift in Sources */,
				9246E6192F63EB0200743FA8 /* AD8ViewModel.swift in Sources */,
				9246E61B2F63EB0200743FA8 /* AD8QuestionView.swift in Sources */,
				9246E61D2F63EB0200743FA8 /* AD8IntroView.swift in Sources */,
				9246E61F2F63EB0200743FA8 /* AD8CompleteView.swift in Sources */,
				9246E6B42F63A68D00743FA8 /* VoiceServiceProtocol.swift in Sources */,
				9246E6D22F63A68D00743FA8 /* QDRSModels.swift in Sources */,
				AA0000010000000100000001 /* PersonaPlexService.swift in Sources */,
				AA0000010000000100000003 /* AudioLipSync.swift in Sources */,
				BB0000000000000000000001 /* QmciModels.swift in Sources */,
				BB0000000000000000000003 /* PHQ2Models.swift in Sources */,
				BB0000000000000000000005 /* AntiAmyloidTriage.swift in Sources */,
				BB0000000000000000000007 /* ReversibleCauseWorkup.swift in Sources */,
				9246E6E42F63A68D00743FA8 /* AvatarView.swift in Sources */,
				9246E6E62F63A68D00743FA8 /* MiniCogLiveView.swift in Sources */,
				CC0000000000000000000001 /* PHQ2View.swift in Sources */,
				CC0000000000000000000003 /* OrientationView.swift in Sources */,
				CC0000000000000000000005 /* VerbalFluencyView.swift in Sources */,
				CC0000000000000000000007 /* LogicalMemoryView.swift in Sources */,
				CC0000000000000000000009 /* PCPReportView.swift in Sources */,
				EE0000000000000000000001 /* QmciAssessmentView.swift in Sources */,
				EE0000000000000000000003 /* SpeechListenerView.swift in Sources */,
				9246E6F02F63A68D00743FA8 /* QDRSView.swift in Sources */,
				9246E6F22F63A68D00743FA8 /* MiniCogIntroView.swift in Sources */,
				F10000000000000000000021 /* AssessmentProtocolModels.swift in Sources */,
				F10000000000000000000022 /* AvatarTransportModels.swift in Sources */,
				F10000000000000000000023 /* AuditLogger.swift in Sources */,
				F10000000000000000000024 /* ScriptClipPlayer.swift in Sources */,
				F10000000000000000000025 /* PersonaBridge.swift in Sources */,
				F10000000000000000000026 /* AudioArbitrator.swift in Sources */,
				F10000000000000000000027 /* ProtocolOrchestrator.swift in Sources */,
			);
			runOnlyForDeploymentPostprocessing = 0;
		};
		9246E52C2F6390E900743FA8 /* Sources */ = {
			isa = PBXSourcesBuildPhase;
			buildActionMask = 2147483647;
			files = (
			);
			runOnlyForDeploymentPostprocessing = 0;
		};
		9246E5362F6390E900743FA8 /* Sources */ = {
			isa = PBXSourcesBuildPhase;
			buildActionMask = 2147483647;
			files = (
			);
			runOnlyForDeploymentPostprocessing = 0;
		};
/* End PBXSourcesBuildPhase section */

/* Begin PBXTargetDependency section */
		9246E5322F6390E900743FA8 /* PBXTargetDependency */ = {
			isa = PBXTargetDependency;
			target = 9246E5222F6390E700743FA8 /* VoiceMiniCog */;
			targetProxy = 9246E5312F6390E900743FA8 /* PBXContainerItemProxy */;
		};
		9246E53C2F6390E900743FA8 /* PBXTargetDependency */ = {
			isa = PBXTargetDependency;
			target = 9246E5222F6390E700743FA8 /* VoiceMiniCog */;
			targetProxy = 9246E53B2F6390E900743FA8 /* PBXContainerItemProxy */;
		};
/* End PBXTargetDependency section */

/* Begin XCBuildConfiguration section */
		9246E5422F6390E900743FA8 /* Debug */ = {
			isa = XCBuildConfiguration;
			buildSettings = {
				ALWAYS_SEARCH_USER_PATHS = NO;
				ASSETCATALOG_COMPILER_GENERATE_SWIFT_ASSET_SYMBOL_EXTENSIONS = YES;
				CLANG_ANALYZER_NONNULL = YES;
				CLANG_ANALYZER_NUMBER_OBJECT_CONVERSION = YES_AGGRESSIVE;
				CLANG_CXX_LANGUAGE_STANDARD = "gnu++20";
				CLANG_ENABLE_MODULES = YES;
				CLANG_ENABLE_OBJC_ARC = YES;
				CLANG_ENABLE_OBJC_WEAK = YES;
				CLANG_WARN_BLOCK_CAPTURE_AUTORELEASING = YES;
				CLANG_WARN_BOOL_CONVERSION = YES;
				CLANG_WARN_COMMA = YES;
				CLANG_WARN_CONSTANT_CONVERSION = YES;
				CLANG_WARN_DEPRECATED_OBJC_IMPLEMENTATIONS = YES;
				CLANG_WARN_DIRECT_OBJC_ISA_USAGE = YES_ERROR;
				CLANG_WARN_DOCUMENTATION_COMMENTS = YES;
				CLANG_WARN_EMPTY_BODY = YES;
				CLANG_WARN_ENUM_CONVERSION = YES;
				CLANG_WARN_INFINITE_RECURSION = YES;
				CLANG_WARN_INT_CONVERSION = YES;
				CLANG_WARN_NON_LITERAL_NULL_CONVERSION = YES;
				CLANG_WARN_OBJC_IMPLICIT_RETAIN_SELF = YES;
				CLANG_WARN_OBJC_LITERAL_CONVERSION = YES;
				CLANG_WARN_OBJC_ROOT_CLASS = YES_ERROR;
				CLANG_WARN_QUOTED_INCLUDE_IN_FRAMEWORK_HEADER = YES;
				CLANG_WARN_RANGE_LOOP_ANALYSIS = YES;
				CLANG_WARN_STRICT_PROTOTYPES = YES;
				CLANG_WARN_SUSPICIOUS_MOVE = YES;
				CLANG_WARN_UNGUARDED_AVAILABILITY = YES_AGGRESSIVE;
				CLANG_WARN_UNREACHABLE_CODE = YES;
				CLANG_WARN__DUPLICATE_METHOD_MATCH = YES;
				COPY_PHASE_STRIP = NO;
				DEBUG_INFORMATION_FORMAT = dwarf;
				ENABLE_STRICT_OBJC_MSGSEND = YES;
				ENABLE_TESTABILITY = YES;
				ENABLE_USER_SCRIPT_SANDBOXING = YES;
				GCC_C_LANGUAGE_STANDARD = gnu17;
				GCC_DYNAMIC_NO_PIC = NO;
				GCC_NO_COMMON_BLOCKS = YES;
				GCC_OPTIMIZATION_LEVEL = 0;
				GCC_PREPROCESSOR_DEFINITIONS = (
					"DEBUG=1",
					"$(inherited)",
				);
				GCC_WARN_64_TO_32_BIT_CONVERSION = YES;
				GCC_WARN_ABOUT_RETURN_TYPE = YES_ERROR;
				GCC_WARN_UNDECLARED_SELECTOR = YES;
				GCC_WARN_UNINITIALIZED_AUTOS = YES_AGGRESSIVE;
				GCC_WARN_UNUSED_FUNCTION = YES;
				GCC_WARN_UNUSED_VARIABLE = YES;
				LOCALIZATION_PREFERS_STRING_CATALOGS = YES;
				MTL_ENABLE_DEBUG_INFO = INCLUDE_SOURCE;
				MTL_FAST_MATH = YES;
				ONLY_ACTIVE_ARCH = YES;
				SWIFT_ACTIVE_COMPILATION_CONDITIONS = "DEBUG $(inherited)";
				SWIFT_OPTIMIZATION_LEVEL = "-Onone";
			};
			name = Debug;
		};
		9246E5432F6390E900743FA8 /* Release */ = {
			isa = XCBuildConfiguration;
			buildSettings = {
				ALWAYS_SEARCH_USER_PATHS = NO;
				ASSETCATALOG_COMPILER_GENERATE_SWIFT_ASSET_SYMBOL_EXTENSIONS = YES;
				CLANG_ANALYZER_NONNULL = YES;
				CLANG_ANALYZER_NUMBER_OBJECT_CONVERSION = YES_AGGRESSIVE;
				CLANG_CXX_LANGUAGE_STANDARD = "gnu++20";
				CLANG_ENABLE_MODULES = YES;
				CLANG_ENABLE_OBJC_ARC = YES;
				CLANG_ENABLE_OBJC_WEAK = YES;
				CLANG_WARN_BLOCK_CAPTURE_AUTORELEASING = YES;
				CLANG_WARN_BOOL_CONVERSION = YES;
				CLANG_WARN_COMMA = YES;
				CLANG_WARN_CONSTANT_CONVERSION = YES;
				CLANG_WARN_DEPRECATED_OBJC_IMPLEMENTATIONS = YES;
				CLANG_WARN_DIRECT_OBJC_ISA_USAGE = YES_ERROR;
				CLANG_WARN_DOCUMENTATION_COMMENTS = YES;
				CLANG_WARN_EMPTY_BODY = YES;
				CLANG_WARN_ENUM_CONVERSION = YES;
				CLANG_WARN_INFINITE_RECURSION = YES;
				CLANG_WARN_INT_CONVERSION = YES;
				CLANG_WARN_NON_LITERAL_NULL_CONVERSION = YES;
				CLANG_WARN_OBJC_IMPLICIT_RETAIN_SELF = YES;
				CLANG_WARN_OBJC_LITERAL_CONVERSION = YES;
				CLANG_WARN_OBJC_ROOT_CLASS = YES_ERROR;
				CLANG_WARN_QUOTED_INCLUDE_IN_FRAMEWORK_HEADER = YES;
				CLANG_WARN_RANGE_LOOP_ANALYSIS = YES;
				CLANG_WARN_STRICT_PROTOTYPES = YES;
				CLANG_WARN_SUSPICIOUS_MOVE = YES;
				CLANG_WARN_UNGUARDED_AVAILABILITY = YES_AGGRESSIVE;
				CLANG_WARN_UNREACHABLE_CODE = YES;
				CLANG_WARN__DUPLICATE_METHOD_MATCH = YES;
				COPY_PHASE_STRIP = NO;
				DEBUG_INFORMATION_FORMAT = "dwarf-with-dsym";
				ENABLE_NS_ASSERTIONS = NO;
				ENABLE_STRICT_OBJC_MSGSEND = YES;
				ENABLE_USER_SCRIPT_SANDBOXING = YES;
				GCC_C_LANGUAGE_STANDARD = gnu17;
				GCC_NO_COMMON_BLOCKS = YES;
				GCC_WARN_64_TO_32_BIT_CONVERSION = YES;
				GCC_WARN_ABOUT_RETURN_TYPE = YES_ERROR;
				GCC_WARN_UNDECLARED_SELECTOR = YES;
				GCC_WARN_UNINITIALIZED_AUTOS = YES_AGGRESSIVE;
				GCC_WARN_UNUSED_FUNCTION = YES;
				GCC_WARN_UNUSED_VARIABLE = YES;
				LOCALIZATION_PREFERS_STRING_CATALOGS = YES;
				MTL_ENABLE_DEBUG_INFO = NO;
				MTL_FAST_MATH = YES;
				SWIFT_COMPILATION_MODE = wholemodule;
			};
			name = Release;
		};
		9246E5452F6390E900743FA8 /* Debug */ = {
			isa = XCBuildConfiguration;
			buildSettings = {
				ASSETCATALOG_COMPILER_APPICON_NAME = AppIcon;
				ASSETCATALOG_COMPILER_GLOBAL_ACCENT_COLOR_NAME = AccentColor;
				CODE_SIGN_STYLE = Automatic;
				CURRENT_PROJECT_VERSION = 1;
				DEVELOPMENT_TEAM = 5B932KH47W;
				ENABLE_APP_SANDBOX = YES;
				ENABLE_PREVIEWS = YES;
				ENABLE_USER_SELECTED_FILES = readonly;
				GENERATE_INFOPLIST_FILE = NO;
				INFOPLIST_FILE = VoiceMiniCog/Info.plist;
				"INFOPLIST_KEY_UIApplicationSceneManifest_Generation[sdk=iphoneos*]" = YES;
				"INFOPLIST_KEY_UIApplicationSceneManifest_Generation[sdk=iphonesimulator*]" = YES;
				"INFOPLIST_KEY_UIApplicationSupportsIndirectInputEvents[sdk=iphoneos*]" = YES;
				"INFOPLIST_KEY_UIApplicationSupportsIndirectInputEvents[sdk=iphonesimulator*]" = YES;
				"INFOPLIST_KEY_UILaunchScreen_Generation[sdk=iphoneos*]" = YES;
				"INFOPLIST_KEY_UILaunchScreen_Generation[sdk=iphonesimulator*]" = YES;
				"INFOPLIST_KEY_UIStatusBarStyle[sdk=iphoneos*]" = UIStatusBarStyleDefault;
				"INFOPLIST_KEY_UIStatusBarStyle[sdk=iphonesimulator*]" = UIStatusBarStyleDefault;
				INFOPLIST_KEY_UISupportedInterfaceOrientations_iPad = "UIInterfaceOrientationPortrait UIInterfaceOrientationPortraitUpsideDown UIInterfaceOrientationLandscapeLeft UIInterfaceOrientationLandscapeRight";
				INFOPLIST_KEY_UISupportedInterfaceOrientations_iPhone = "UIInterfaceOrientationPortrait UIInterfaceOrientationLandscapeLeft UIInterfaceOrientationLandscapeRight";
				IPHONEOS_DEPLOYMENT_TARGET = 17.6;
				LD_RUNPATH_SEARCH_PATHS = "@executable_path/Frameworks";
				"LD_RUNPATH_SEARCH_PATHS[sdk=macosx*]" = "@executable_path/../Frameworks";
				MACOSX_DEPLOYMENT_TARGET = 26.2;
				MARKETING_VERSION = 1.0;
				PRODUCT_BUNDLE_IDENTIFIER = com.mercycog.VoiceMiniCog;
				PRODUCT_NAME = "$(TARGET_NAME)";
				REGISTER_APP_GROUPS = YES;
				SDKROOT = auto;
				STRING_CATALOG_GENERATE_SYMBOLS = YES;
				SUPPORTED_PLATFORMS = "iphoneos iphonesimulator";
				SUPPORTS_MACCATALYST = NO;
				SWIFT_APPROACHABLE_CONCURRENCY = YES;
				SWIFT_DEFAULT_ACTOR_ISOLATION = MainActor;
				SWIFT_EMIT_LOC_STRINGS = YES;
				SWIFT_UPCOMING_FEATURE_MEMBER_IMPORT_VISIBILITY = YES;
				SWIFT_VERSION = 5.0;
				TARGETED_DEVICE_FAMILY = "1,2";
				XROS_DEPLOYMENT_TARGET = 26.2;
			};
			name = Debug;
		};
		9246E5462F6390E900743FA8 /* Release */ = {
			isa = XCBuildConfiguration;
			buildSettings = {
				ASSETCATALOG_COMPILER_APPICON_NAME = AppIcon;
				ASSETCATALOG_COMPILER_GLOBAL_ACCENT_COLOR_NAME = AccentColor;
				CODE_SIGN_STYLE = Automatic;
				CURRENT_PROJECT_VERSION = 1;
				DEVELOPMENT_TEAM = 5B932KH47W;
				ENABLE_APP_SANDBOX = YES;
				ENABLE_PREVIEWS = YES;
				ENABLE_USER_SELECTED_FILES = readonly;
				GENERATE_INFOPLIST_FILE = NO;
				INFOPLIST_FILE = VoiceMiniCog/Info.plist;
				"INFOPLIST_KEY_UIApplicationSceneManifest_Generation[sdk=iphoneos*]" = YES;
				"INFOPLIST_KEY_UIApplicationSceneManifest_Generation[sdk=iphonesimulator*]" = YES;
				"INFOPLIST_KEY_UIApplicationSupportsIndirectInputEvents[sdk=iphoneos*]" = YES;
				"INFOPLIST_KEY_UIApplicationSupportsIndirectInputEvents[sdk=iphonesimulator*]" = YES;
				"INFOPLIST_KEY_UILaunchScreen_Generation[sdk=iphoneos*]" = YES;
				"INFOPLIST_KEY_UILaunchScreen_Generation[sdk=iphonesimulator*]" = YES;
				"INFOPLIST_KEY_UIStatusBarStyle[sdk=iphoneos*]" = UIStatusBarStyleDefault;
				"INFOPLIST_KEY_UIStatusBarStyle[sdk=iphonesimulator*]" = UIStatusBarStyleDefault;
				INFOPLIST_KEY_UISupportedInterfaceOrientations_iPad = "UIInterfaceOrientationPortrait UIInterfaceOrientationPortraitUpsideDown UIInterfaceOrientationLandscapeLeft UIInterfaceOrientationLandscapeRight";
				INFOPLIST_KEY_UISupportedInterfaceOrientations_iPhone = "UIInterfaceOrientationPortrait UIInterfaceOrientationLandscapeLeft UIInterfaceOrientationLandscapeRight";
				IPHONEOS_DEPLOYMENT_TARGET = 17.6;
				LD_RUNPATH_SEARCH_PATHS = "@executable_path/Frameworks";
				"LD_RUNPATH_SEARCH_PATHS[sdk=macosx*]" = "@executable_path/../Frameworks";
				MACOSX_DEPLOYMENT_TARGET = 26.2;
				MARKETING_VERSION = 1.0;
				PRODUCT_BUNDLE_IDENTIFIER = com.mercycog.VoiceMiniCog;
				PRODUCT_NAME = "$(TARGET_NAME)";
				REGISTER_APP_GROUPS = YES;
				SDKROOT = auto;
				STRING_CATALOG_GENERATE_SYMBOLS = YES;
				SUPPORTED_PLATFORMS = "iphoneos iphonesimulator";
				SUPPORTS_MACCATALYST = NO;
				SWIFT_APPROACHABLE_CONCURRENCY = YES;
				SWIFT_DEFAULT_ACTOR_ISOLATION = MainActor;
				SWIFT_EMIT_LOC_STRINGS = YES;
				SWIFT_UPCOMING_FEATURE_MEMBER_IMPORT_VISIBILITY = YES;
				SWIFT_VERSION = 5.0;
				TARGETED_DEVICE_FAMILY = "1,2";
				XROS_DEPLOYMENT_TARGET = 26.2;
			};
			name = Release;
		};
		9246E5482F6390E900743FA8 /* Debug */ = {
			isa = XCBuildConfiguration;
			buildSettings = {
				BUNDLE_LOADER = "$(TEST_HOST)";
				CODE_SIGN_STYLE = Automatic;
				CURRENT_PROJECT_VERSION = 1;
				GENERATE_INFOPLIST_FILE = YES;
				IPHONEOS_DEPLOYMENT_TARGET = 26.2;
				MACOSX_DEPLOYMENT_TARGET = 26.2;
				MARKETING_VERSION = 1.0;
				PRODUCT_BUNDLE_IDENTIFIER = com.mercycog.VoiceMiniCogTests;
				PRODUCT_NAME = "$(TARGET_NAME)";
				SDKROOT = auto;
				STRING_CATALOG_GENERATE_SYMBOLS = NO;
				SUPPORTED_PLATFORMS = "iphoneos iphonesimulator macosx xros xrsimulator";
				SWIFT_APPROACHABLE_CONCURRENCY = YES;
				SWIFT_EMIT_LOC_STRINGS = NO;
				SWIFT_UPCOMING_FEATURE_MEMBER_IMPORT_VISIBILITY = YES;
				SWIFT_VERSION = 5.0;
				TARGETED_DEVICE_FAMILY = "1,2,7";
				TEST_HOST = "$(BUILT_PRODUCTS_DIR)/VoiceMiniCog.app/$(BUNDLE_EXECUTABLE_FOLDER_PATH)/VoiceMiniCog";
				XROS_DEPLOYMENT_TARGET = 26.2;
			};
			name = Debug;
		};
		9246E5492F6390E900743FA8 /* Release */ = {
			isa = XCBuildConfiguration;
			buildSettings = {
				BUNDLE_LOADER = "$(TEST_HOST)";
				CODE_SIGN_STYLE = Automatic;
				CURRENT_PROJECT_VERSION = 1;
				GENERATE_INFOPLIST_FILE = YES;
				IPHONEOS_DEPLOYMENT_TARGET = 26.2;
				MACOSX_DEPLOYMENT_TARGET = 26.2;
				MARKETING_VERSION = 1.0;
				PRODUCT_BUNDLE_IDENTIFIER = com.mercycog.VoiceMiniCogTests;
				PRODUCT_NAME = "$(TARGET_NAME)";
				SDKROOT = auto;
				STRING_CATALOG_GENERATE_SYMBOLS = NO;
				SUPPORTED_PLATFORMS = "iphoneos iphonesimulator macosx xros xrsimulator";
				SWIFT_APPROACHABLE_CONCURRENCY = YES;
				SWIFT_EMIT_LOC_STRINGS = NO;
				SWIFT_UPCOMING_FEATURE_MEMBER_IMPORT_VISIBILITY = YES;
				SWIFT_VERSION = 5.0;
				TARGETED_DEVICE_FAMILY = "1,2,7";
				TEST_HOST = "$(BUILT_PRODUCTS_DIR)/VoiceMiniCog.app/$(BUNDLE_EXECUTABLE_FOLDER_PATH)/VoiceMiniCog";
				XROS_DEPLOYMENT_TARGET = 26.2;
			};
			name = Release;
		};
		9246E54B2F6390E900743FA8 /* Debug */ = {
			isa = XCBuildConfiguration;
			buildSettings = {
				CODE_SIGN_STYLE = Automatic;
				CURRENT_PROJECT_VERSION = 1;
				GENERATE_INFOPLIST_FILE = YES;
				IPHONEOS_DEPLOYMENT_TARGET = 26.2;
				MACOSX_DEPLOYMENT_TARGET = 26.2;
				MARKETING_VERSION = 1.0;
				PRODUCT_BUNDLE_IDENTIFIER = com.mercycog.VoiceMiniCogUITests;
				PRODUCT_NAME = "$(TARGET_NAME)";
				SDKROOT = auto;
				STRING_CATALOG_GENERATE_SYMBOLS = NO;
				SUPPORTED_PLATFORMS = "iphoneos iphonesimulator macosx xros xrsimulator";
				SWIFT_APPROACHABLE_CONCURRENCY = YES;
				SWIFT_EMIT_LOC_STRINGS = NO;
				SWIFT_UPCOMING_FEATURE_MEMBER_IMPORT_VISIBILITY = YES;
				SWIFT_VERSION = 5.0;
				TARGETED_DEVICE_FAMILY = "1,2,7";
				TEST_TARGET_NAME = VoiceMiniCog;
				XROS_DEPLOYMENT_TARGET = 26.2;
			};
			name = Debug;
		};
		9246E54C2F6390E900743FA8 /* Release */ = {
			isa = XCBuildConfiguration;
			buildSettings = {
				CODE_SIGN_STYLE = Automatic;
				CURRENT_PROJECT_VERSION = 1;
				GENERATE_INFOPLIST_FILE = YES;
				IPHONEOS_DEPLOYMENT_TARGET = 26.2;
				MACOSX_DEPLOYMENT_TARGET = 26.2;
				MARKETING_VERSION = 1.0;
				PRODUCT_BUNDLE_IDENTIFIER = com.mercycog.VoiceMiniCogUITests;
				PRODUCT_NAME = "$(TARGET_NAME)";
				SDKROOT = auto;
				STRING_CATALOG_GENERATE_SYMBOLS = NO;
				SUPPORTED_PLATFORMS = "iphoneos iphonesimulator macosx xros xrsimulator";
				SWIFT_APPROACHABLE_CONCURRENCY = YES;
				SWIFT_EMIT_LOC_STRINGS = NO;
				SWIFT_UPCOMING_FEATURE_MEMBER_IMPORT_VISIBILITY = YES;
				SWIFT_VERSION = 5.0;
				TARGETED_DEVICE_FAMILY = "1,2,7";
				TEST_TARGET_NAME = VoiceMiniCog;
				XROS_DEPLOYMENT_TARGET = 26.2;
			};
			name = Release;
		};
/* End XCBuildConfiguration section */

/* Begin XCConfigurationList section */
		9246E51E2F6390E700743FA8 /* Build configuration list for PBXProject "VoiceMiniCog" */ = {
			isa = XCConfigurationList;
			buildConfigurations = (
				9246E5422F6390E900743FA8 /* Debug */,
				9246E5432F6390E900743FA8 /* Release */,
			);
			defaultConfigurationIsVisible = 0;
			defaultConfigurationName = Release;
		};
		9246E5442F6390E900743FA8 /* Build configuration list for PBXNativeTarget "VoiceMiniCog" */ = {
			isa = XCConfigurationList;
			buildConfigurations = (
				9246E5452F6390E900743FA8 /* Debug */,
				9246E5462F6390E900743FA8 /* Release */,
			);
			defaultConfigurationIsVisible = 0;
			defaultConfigurationName = Release;
		};
		9246E5472F6390E900743FA8 /* Build configuration list for PBXNativeTarget "VoiceMiniCogTests" */ = {
			isa = XCConfigurationList;
			buildConfigurations = (
				9246E5482F6390E900743FA8 /* Debug */,
				9246E5492F6390E900743FA8 /* Release */,
			);
			defaultConfigurationIsVisible = 0;
			defaultConfigurationName = Release;
		};
		9246E54A2F6390E900743FA8 /* Build configuration list for PBXNativeTarget "VoiceMiniCogUITests" */ = {
			isa = XCConfigurationList;
			buildConfigurations = (
				9246E54B2F6390E900743FA8 /* Debug */,
				9246E54C2F6390E900743FA8 /* Release */,
			);
			defaultConfigurationIsVisible = 0;
			defaultConfigurationName = Release;
		};
/* End XCConfigurationList section */
	};
	rootObject = 9246E51B2F6390E700743FA8 /* Project object */;
}
